// !$*UTF8*$!
{
	archiveVersion = 1;
	classes = {
	};
	objectVersion = 55;
	objects = {

/* Begin PBXBuildFile section */
		0D0E8701287F0F1A002FD980 /* WaterData.swift in Sources */ = {isa = PBXBuildFile; fileRef = 0D0E8700287F0F1A002FD980 /* WaterData.swift */; };
		0D0E8707287F0FBC002FD980 /* MainCollectionViewCell.swift in Sources */ = {isa = PBXBuildFile; fileRef = 0D0E8706287F0FBC002FD980 /* MainCollectionViewCell.swift */; };
		0DA581392881B446001BFF19 /* NetworkManager.swift in Sources */ = {isa = PBXBuildFile; fileRef = 0DA581382881B446001BFF19 /* NetworkManager.swift */; };
		0DA5813C2881B517001BFF19 /* Alamofire in Frameworks */ = {isa = PBXBuildFile; productRef = 0DA5813B2881B517001BFF19 /* Alamofire */; };
		0DAB77442879F9B400F3F067 /* SnapKit in Frameworks */ = {isa = PBXBuildFile; productRef = 0DAB77432879F9B400F3F067 /* SnapKit */; };
		0DAB77462879F9D900F3F067 /* DetailsViewController.swift in Sources */ = {isa = PBXBuildFile; fileRef = 0DAB77452879F9D900F3F067 /* DetailsViewController.swift */; };
		0DAB77482879F9E500F3F067 /* SearchViewController.swift in Sources */ = {isa = PBXBuildFile; fileRef = 0DAB77472879F9E500F3F067 /* SearchViewController.swift */; };
		0DAB774B2879FA0300F3F067 /* UIButton+.swift in Sources */ = {isa = PBXBuildFile; fileRef = 0DAB774A2879FA0300F3F067 /* UIButton+.swift */; };
		0DAB774D2879FA7C00F3F067 /* UIColor+.swift in Sources */ = {isa = PBXBuildFile; fileRef = 0DAB774C2879FA7C00F3F067 /* UIColor+.swift */; };
		0DF30A8F2879AF74001F0DD5 /* AppDelegate.swift in Sources */ = {isa = PBXBuildFile; fileRef = 0DF30A8E2879AF74001F0DD5 /* AppDelegate.swift */; };
		0DF30A912879AF74001F0DD5 /* SceneDelegate.swift in Sources */ = {isa = PBXBuildFile; fileRef = 0DF30A902879AF74001F0DD5 /* SceneDelegate.swift */; };
		0DF30A932879AF74001F0DD5 /* MainViewController.swift in Sources */ = {isa = PBXBuildFile; fileRef = 0DF30A922879AF74001F0DD5 /* MainViewController.swift */; };
		0DF30A982879AF74001F0DD5 /* Assets.xcassets in Resources */ = {isa = PBXBuildFile; fileRef = 0DF30A972879AF74001F0DD5 /* Assets.xcassets */; };
		0DF30A9B2879AF74001F0DD5 /* LaunchScreen.storyboard in Resources */ = {isa = PBXBuildFile; fileRef = 0DF30A992879AF74001F0DD5 /* LaunchScreen.storyboard */; };
		0DF30AA62879AF74001F0DD5 /* WaterAppDemoTests.swift in Sources */ = {isa = PBXBuildFile; fileRef = 0DF30AA52879AF74001F0DD5 /* WaterAppDemoTests.swift */; };
		0DF30AB02879AF74001F0DD5 /* WaterAppDemoUITests.swift in Sources */ = {isa = PBXBuildFile; fileRef = 0DF30AAF2879AF74001F0DD5 /* WaterAppDemoUITests.swift */; };
		0DF30AB22879AF74001F0DD5 /* WaterAppDemoUITestsLaunchTests.swift in Sources */ = {isa = PBXBuildFile; fileRef = 0DF30AB12879AF74001F0DD5 /* WaterAppDemoUITestsLaunchTests.swift */; };
		0DF30ABF2879AFE9001F0DD5 /* CustomNavigationController.swift in Sources */ = {isa = PBXBuildFile; fileRef = 0DF30ABE2879AFE9001F0DD5 /* CustomNavigationController.swift */; };
		0DF44F29287FF8D4004AB6A3 /* Charts in Frameworks */ = {isa = PBXBuildFile; productRef = 0DF44F28287FF8D4004AB6A3 /* Charts */; };
		0DF44F2C287FFB9D004AB6A3 /* DataSetValueFormatter.swift in Sources */ = {isa = PBXBuildFile; fileRef = 0DF44F2B287FFB9D004AB6A3 /* DataSetValueFormatter.swift */; };
/* End PBXBuildFile section */

/* Begin PBXContainerItemProxy section */
		0DF30AA22879AF74001F0DD5 /* PBXContainerItemProxy */ = {
			isa = PBXContainerItemProxy;
			containerPortal = 0DF30A832879AF74001F0DD5 /* Project object */;
			proxyType = 1;
			remoteGlobalIDString = 0DF30A8A2879AF74001F0DD5;
			remoteInfo = WaterAppDemo;
		};
		0DF30AAC2879AF74001F0DD5 /* PBXContainerItemProxy */ = {
			isa = PBXContainerItemProxy;
			containerPortal = 0DF30A832879AF74001F0DD5 /* Project object */;
			proxyType = 1;
			remoteGlobalIDString = 0DF30A8A2879AF74001F0DD5;
			remoteInfo = WaterAppDemo;
		};
/* End PBXContainerItemProxy section */

/* Begin PBXFileReference section */
		0D0E8700287F0F1A002FD980 /* WaterData.swift */ = {isa = PBXFileReference; lastKnownFileType = sourcecode.swift; path = WaterData.swift; sourceTree = "<group>"; };
		0D0E8706287F0FBC002FD980 /* MainCollectionViewCell.swift */ = {isa = PBXFileReference; lastKnownFileType = sourcecode.swift; path = MainCollectionViewCell.swift; sourceTree = "<group>"; };
		0DA581382881B446001BFF19 /* NetworkManager.swift */ = {isa = PBXFileReference; lastKnownFileType = sourcecode.swift; path = NetworkManager.swift; sourceTree = "<group>"; };
		0DAB77452879F9D900F3F067 /* DetailsViewController.swift */ = {isa = PBXFileReference; lastKnownFileType = sourcecode.swift; path = DetailsViewController.swift; sourceTree = "<group>"; };
		0DAB77472879F9E500F3F067 /* SearchViewController.swift */ = {isa = PBXFileReference; lastKnownFileType = sourcecode.swift; path = SearchViewController.swift; sourceTree = "<group>"; };
		0DAB774A2879FA0300F3F067 /* UIButton+.swift */ = {isa = PBXFileReference; lastKnownFileType = sourcecode.swift; path = "UIButton+.swift"; sourceTree = "<group>"; };
		0DAB774C2879FA7C00F3F067 /* UIColor+.swift */ = {isa = PBXFileReference; lastKnownFileType = sourcecode.swift; path = "UIColor+.swift"; sourceTree = "<group>"; };
		0DF30A8B2879AF74001F0DD5 /* WaterAppDemo.app */ = {isa = PBXFileReference; explicitFileType = wrapper.application; includeInIndex = 0; path = WaterAppDemo.app; sourceTree = BUILT_PRODUCTS_DIR; };
		0DF30A8E2879AF74001F0DD5 /* AppDelegate.swift */ = {isa = PBXFileReference; lastKnownFileType = sourcecode.swift; path = AppDelegate.swift; sourceTree = "<group>"; };
		0DF30A902879AF74001F0DD5 /* SceneDelegate.swift */ = {isa = PBXFileReference; lastKnownFileType = sourcecode.swift; path = SceneDelegate.swift; sourceTree = "<group>"; };
		0DF30A922879AF74001F0DD5 /* MainViewController.swift */ = {isa = PBXFileReference; lastKnownFileType = sourcecode.swift; path = MainViewController.swift; sourceTree = "<group>"; };
		0DF30A972879AF74001F0DD5 /* Assets.xcassets */ = {isa = PBXFileReference; lastKnownFileType = folder.assetcatalog; path = Assets.xcassets; sourceTree = "<group>"; };
		0DF30A9A2879AF74001F0DD5 /* Base */ = {isa = PBXFileReference; lastKnownFileType = file.storyboard; name = Base; path = Base.lproj/LaunchScreen.storyboard; sourceTree = "<group>"; };
		0DF30A9C2879AF74001F0DD5 /* Info.plist */ = {isa = PBXFileReference; lastKnownFileType = text.plist.xml; path = Info.plist; sourceTree = "<group>"; };
		0DF30AA12879AF74001F0DD5 /* WaterAppDemoTests.xctest */ = {isa = PBXFileReference; explicitFileType = wrapper.cfbundle; includeInIndex = 0; path = WaterAppDemoTests.xctest; sourceTree = BUILT_PRODUCTS_DIR; };
		0DF30AA52879AF74001F0DD5 /* WaterAppDemoTests.swift */ = {isa = PBXFileReference; lastKnownFileType = sourcecode.swift; path = WaterAppDemoTests.swift; sourceTree = "<group>"; };
		0DF30AAB2879AF74001F0DD5 /* WaterAppDemoUITests.xctest */ = {isa = PBXFileReference; explicitFileType = wrapper.cfbundle; includeInIndex = 0; path = WaterAppDemoUITests.xctest; sourceTree = BUILT_PRODUCTS_DIR; };
		0DF30AAF2879AF74001F0DD5 /* WaterAppDemoUITests.swift */ = {isa = PBXFileReference; lastKnownFileType = sourcecode.swift; path = WaterAppDemoUITests.swift; sourceTree = "<group>"; };
		0DF30AB12879AF74001F0DD5 /* WaterAppDemoUITestsLaunchTests.swift */ = {isa = PBXFileReference; lastKnownFileType = sourcecode.swift; path = WaterAppDemoUITestsLaunchTests.swift; sourceTree = "<group>"; };
		0DF30ABE2879AFE9001F0DD5 /* CustomNavigationController.swift */ = {isa = PBXFileReference; lastKnownFileType = sourcecode.swift; path = CustomNavigationController.swift; sourceTree = "<group>"; };
		0DF44F2B287FFB9D004AB6A3 /* DataSetValueFormatter.swift */ = {isa = PBXFileReference; lastKnownFileType = sourcecode.swift; path = DataSetValueFormatter.swift; sourceTree = "<group>"; };
/* End PBXFileReference section */

/* Begin PBXFrameworksBuildPhase section */
		0DF30A882879AF74001F0DD5 /* Frameworks */ = {
			isa = PBXFrameworksBuildPhase;
			buildActionMask = 2147483647;
			files = (
				0DA5813C2881B517001BFF19 /* Alamofire in Frameworks */,
				0DAB77442879F9B400F3F067 /* SnapKit in Frameworks */,
				0DF44F29287FF8D4004AB6A3 /* Charts in Frameworks */,
			);
			runOnlyForDeploymentPostprocessing = 0;
		};
		0DF30A9E2879AF74001F0DD5 /* Frameworks */ = {
			isa = PBXFrameworksBuildPhase;
			buildActionMask = 2147483647;
			files = (
			);
			runOnlyForDeploymentPostprocessing = 0;
		};
		0DF30AA82879AF74001F0DD5 /* Frameworks */ = {
			isa = PBXFrameworksBuildPhase;
			buildActionMask = 2147483647;
			files = (
			);
			runOnlyForDeploymentPostprocessing = 0;
		};
/* End PBXFrameworksBuildPhase section */

/* Begin PBXGroup section */
		0D0E86FF287F0F10002FD980 /* Model */ = {
			isa = PBXGroup;
			children = (
				0D0E8700287F0F1A002FD980 /* WaterData.swift */,
				0DA581382881B446001BFF19 /* NetworkManager.swift */,
			);
			path = Model;
			sourceTree = "<group>";
		};
		0D0E8702287F0F3C002FD980 /* Scene */ = {
			isa = PBXGroup;
			children = (
				0DF30ABE2879AFE9001F0DD5 /* CustomNavigationController.swift */,
				0DA581372881AFC2001BFF19 /* Search */,
				0DF44F2A287FFB87004AB6A3 /* Details */,
				0D0E8703287F0F45002FD980 /* Main */,
			);
			path = Scene;
			sourceTree = "<group>";
		};
		0D0E8703287F0F45002FD980 /* Main */ = {
			isa = PBXGroup;
			children = (
				0DF30A922879AF74001F0DD5 /* MainViewController.swift */,
				0D0E8706287F0FBC002FD980 /* MainCollectionViewCell.swift */,
			);
			path = Main;
			sourceTree = "<group>";
		};
		0DA581372881AFC2001BFF19 /* Search */ = {
			isa = PBXGroup;
			children = (
				0DAB77472879F9E500F3F067 /* SearchViewController.swift */,
			);
			path = Search;
			sourceTree = "<group>";
		};
		0DAB77492879F9F600F3F067 /* Extensions */ = {
			isa = PBXGroup;
			children = (
				0DAB774A2879FA0300F3F067 /* UIButton+.swift */,
				0DAB774C2879FA7C00F3F067 /* UIColor+.swift */,
			);
			path = Extensions;
			sourceTree = "<group>";
		};
		0DF30A822879AF74001F0DD5 = {
			isa = PBXGroup;
			children = (
				0DF30A8D2879AF74001F0DD5 /* WaterAppDemo */,
				0DF30AA42879AF74001F0DD5 /* WaterAppDemoTests */,
				0DF30AAE2879AF74001F0DD5 /* WaterAppDemoUITests */,
				0DF30A8C2879AF74001F0DD5 /* Products */,
			);
			sourceTree = "<group>";
		};
		0DF30A8C2879AF74001F0DD5 /* Products */ = {
			isa = PBXGroup;
			children = (
				0DF30A8B2879AF74001F0DD5 /* WaterAppDemo.app */,
				0DF30AA12879AF74001F0DD5 /* WaterAppDemoTests.xctest */,
				0DF30AAB2879AF74001F0DD5 /* WaterAppDemoUITests.xctest */,
			);
			name = Products;
			sourceTree = "<group>";
		};
		0DF30A8D2879AF74001F0DD5 /* WaterAppDemo */ = {
			isa = PBXGroup;
			children = (
				0D0E8702287F0F3C002FD980 /* Scene */,
				0D0E86FF287F0F10002FD980 /* Model */,
				0DAB77492879F9F600F3F067 /* Extensions */,
				0DF30A8E2879AF74001F0DD5 /* AppDelegate.swift */,
				0DF30A902879AF74001F0DD5 /* SceneDelegate.swift */,
				0DF30A972879AF74001F0DD5 /* Assets.xcassets */,
				0DF30A992879AF74001F0DD5 /* LaunchScreen.storyboard */,
				0DF30A9C2879AF74001F0DD5 /* Info.plist */,
			);
			path = WaterAppDemo;
			sourceTree = "<group>";
		};
		0DF30AA42879AF74001F0DD5 /* WaterAppDemoTests */ = {
			isa = PBXGroup;
			children = (
				0DF30AA52879AF74001F0DD5 /* WaterAppDemoTests.swift */,
			);
			path = WaterAppDemoTests;
			sourceTree = "<group>";
		};
		0DF30AAE2879AF74001F0DD5 /* WaterAppDemoUITests */ = {
			isa = PBXGroup;
			children = (
				0DF30AAF2879AF74001F0DD5 /* WaterAppDemoUITests.swift */,
				0DF30AB12879AF74001F0DD5 /* WaterAppDemoUITestsLaunchTests.swift */,
			);
			path = WaterAppDemoUITests;
			sourceTree = "<group>";
		};
		0DF44F2A287FFB87004AB6A3 /* Details */ = {
			isa = PBXGroup;
			children = (
				0DAB77452879F9D900F3F067 /* DetailsViewController.swift */,
				0DF44F2B287FFB9D004AB6A3 /* DataSetValueFormatter.swift */,
			);
			path = Details;
			sourceTree = "<group>";
		};
/* End PBXGroup section */

/* Begin PBXNativeTarget section */
		0DF30A8A2879AF74001F0DD5 /* WaterAppDemo */ = {
			isa = PBXNativeTarget;
			buildConfigurationList = 0DF30AB52879AF74001F0DD5 /* Build configuration list for PBXNativeTarget "WaterAppDemo" */;
			buildPhases = (
				0DF30A872879AF74001F0DD5 /* Sources */,
				0DF30A882879AF74001F0DD5 /* Frameworks */,
				0DF30A892879AF74001F0DD5 /* Resources */,
			);
			buildRules = (
			);
			dependencies = (
			);
			name = WaterAppDemo;
			packageProductDependencies = (
				0DAB77432879F9B400F3F067 /* SnapKit */,
				0DF44F28287FF8D4004AB6A3 /* Charts */,
				0DA5813B2881B517001BFF19 /* Alamofire */,
			);
			productName = WaterAppDemo;
			productReference = 0DF30A8B2879AF74001F0DD5 /* WaterAppDemo.app */;
			productType = "com.apple.product-type.application";
		};
		0DF30AA02879AF74001F0DD5 /* WaterAppDemoTests */ = {
			isa = PBXNativeTarget;
			buildConfigurationList = 0DF30AB82879AF74001F0DD5 /* Build configuration list for PBXNativeTarget "WaterAppDemoTests" */;
			buildPhases = (
				0DF30A9D2879AF74001F0DD5 /* Sources */,
				0DF30A9E2879AF74001F0DD5 /* Frameworks */,
				0DF30A9F2879AF74001F0DD5 /* Resources */,
			);
			buildRules = (
			);
			dependencies = (
				0DF30AA32879AF74001F0DD5 /* PBXTargetDependency */,
			);
			name = WaterAppDemoTests;
			productName = WaterAppDemoTests;
			productReference = 0DF30AA12879AF74001F0DD5 /* WaterAppDemoTests.xctest */;
			productType = "com.apple.product-type.bundle.unit-test";
		};
		0DF30AAA2879AF74001F0DD5 /* WaterAppDemoUITests */ = {
			isa = PBXNativeTarget;
			buildConfigurationList = 0DF30ABB2879AF74001F0DD5 /* Build configuration list for PBXNativeTarget "WaterAppDemoUITests" */;
			buildPhases = (
				0DF30AA72879AF74001F0DD5 /* Sources */,
				0DF30AA82879AF74001F0DD5 /* Frameworks */,
				0DF30AA92879AF74001F0DD5 /* Resources */,
			);
			buildRules = (
			);
			dependencies = (
				0DF30AAD2879AF74001F0DD5 /* PBXTargetDependency */,
			);
			name = WaterAppDemoUITests;
			productName = WaterAppDemoUITests;
			productReference = 0DF30AAB2879AF74001F0DD5 /* WaterAppDemoUITests.xctest */;
			productType = "com.apple.product-type.bundle.ui-testing";
		};
/* End PBXNativeTarget section */

/* Begin PBXProject section */
		0DF30A832879AF74001F0DD5 /* Project object */ = {
			isa = PBXProject;
			attributes = {
				BuildIndependentTargetsInParallel = 1;
				LastSwiftUpdateCheck = 1330;
				LastUpgradeCheck = 1330;
				TargetAttributes = {
					0DF30A8A2879AF74001F0DD5 = {
						CreatedOnToolsVersion = 13.3.1;
					};
					0DF30AA02879AF74001F0DD5 = {
						CreatedOnToolsVersion = 13.3.1;
						TestTargetID = 0DF30A8A2879AF74001F0DD5;
					};
					0DF30AAA2879AF74001F0DD5 = {
						CreatedOnToolsVersion = 13.3.1;
						TestTargetID = 0DF30A8A2879AF74001F0DD5;
					};
				};
			};
			buildConfigurationList = 0DF30A862879AF74001F0DD5 /* Build configuration list for PBXProject "WaterAppDemo" */;
			compatibilityVersion = "Xcode 13.0";
			developmentRegion = en;
			hasScannedForEncodings = 0;
			knownRegions = (
				en,
				Base,
			);
			mainGroup = 0DF30A822879AF74001F0DD5;
			packageReferences = (
				0DAB77422879F9B400F3F067 /* XCRemoteSwiftPackageReference "SnapKit" */,
				0DF44F27287FF8D4004AB6A3 /* XCRemoteSwiftPackageReference "Charts" */,
				0DA5813A2881B517001BFF19 /* XCRemoteSwiftPackageReference "Alamofire" */,
			);
			productRefGroup = 0DF30A8C2879AF74001F0DD5 /* Products */;
			projectDirPath = "";
			projectRoot = "";
			targets = (
				0DF30A8A2879AF74001F0DD5 /* WaterAppDemo */,
				0DF30AA02879AF74001F0DD5 /* WaterAppDemoTests */,
				0DF30AAA2879AF74001F0DD5 /* WaterAppDemoUITests */,
			);
		};
/* End PBXProject section */

/* Begin PBXResourcesBuildPhase section */
		0DF30A892879AF74001F0DD5 /* Resources */ = {
			isa = PBXResourcesBuildPhase;
			buildActionMask = 2147483647;
			files = (
				0DF30A9B2879AF74001F0DD5 /* LaunchScreen.storyboard in Resources */,
				0DF30A982879AF74001F0DD5 /* Assets.xcassets in Resources */,
			);
			runOnlyForDeploymentPostprocessing = 0;
		};
		0DF30A9F2879AF74001F0DD5 /* Resources */ = {
			isa = PBXResourcesBuildPhase;
			buildActionMask = 2147483647;
			files = (
			);
			runOnlyForDeploymentPostprocessing = 0;
		};
		0DF30AA92879AF74001F0DD5 /* Resources */ = {
			isa = PBXResourcesBuildPhase;
			buildActionMask = 2147483647;
			files = (
			);
			runOnlyForDeploymentPostprocessing = 0;
		};
/* End PBXResourcesBuildPhase section */

/* Begin PBXSourcesBuildPhase section */
		0DF30A872879AF74001F0DD5 /* Sources */ = {
			isa = PBXSourcesBuildPhase;
			buildActionMask = 2147483647;
			files = (
				0DA581392881B446001BFF19 /* NetworkManager.swift in Sources */,
				0DAB77482879F9E500F3F067 /* SearchViewController.swift in Sources */,
				0DAB774D2879FA7C00F3F067 /* UIColor+.swift in Sources */,
				0DAB774B2879FA0300F3F067 /* UIButton+.swift in Sources */,
				0D0E8701287F0F1A002FD980 /* WaterData.swift in Sources */,
				0DF30ABF2879AFE9001F0DD5 /* CustomNavigationController.swift in Sources */,
				0DF30A932879AF74001F0DD5 /* MainViewController.swift in Sources */,
				0DF30A8F2879AF74001F0DD5 /* AppDelegate.swift in Sources */,
				0D0E8707287F0FBC002FD980 /* MainCollectionViewCell.swift in Sources */,
				0DF30A912879AF74001F0DD5 /* SceneDelegate.swift in Sources */,
				0DF44F2C287FFB9D004AB6A3 /* DataSetValueFormatter.swift in Sources */,
				0DAB77462879F9D900F3F067 /* DetailsViewController.swift in Sources */,
			);
			runOnlyForDeploymentPostprocessing = 0;
		};
		0DF30A9D2879AF74001F0DD5 /* Sources */ = {
			isa = PBXSourcesBuildPhase;
			buildActionMask = 2147483647;
			files = (
				0DF30AA62879AF74001F0DD5 /* WaterAppDemoTests.swift in Sources */,
			);
			runOnlyForDeploymentPostprocessing = 0;
		};
		0DF30AA72879AF74001F0DD5 /* Sources */ = {
			isa = PBXSourcesBuildPhase;
			buildActionMask = 2147483647;
			files = (
				0DF30AB02879AF74001F0DD5 /* WaterAppDemoUITests.swift in Sources */,
				0DF30AB22879AF74001F0DD5 /* WaterAppDemoUITestsLaunchTests.swift in Sources */,
			);
			runOnlyForDeploymentPostprocessing = 0;
		};
/* End PBXSourcesBuildPhase section */

/* Begin PBXTargetDependency section */
		0DF30AA32879AF74001F0DD5 /* PBXTargetDependency */ = {
			isa = PBXTargetDependency;
			target = 0DF30A8A2879AF74001F0DD5 /* WaterAppDemo */;
			targetProxy = 0DF30AA22879AF74001F0DD5 /* PBXContainerItemProxy */;
		};
		0DF30AAD2879AF74001F0DD5 /* PBXTargetDependency */ = {
			isa = PBXTargetDependency;
			target = 0DF30A8A2879AF74001F0DD5 /* WaterAppDemo */;
			targetProxy = 0DF30AAC2879AF74001F0DD5 /* PBXContainerItemProxy */;
		};
/* End PBXTargetDependency section */

/* Begin PBXVariantGroup section */
		0DF30A992879AF74001F0DD5 /* LaunchScreen.storyboard */ = {
			isa = PBXVariantGroup;
			children = (
				0DF30A9A2879AF74001F0DD5 /* Base */,
			);
			name = LaunchScreen.storyboard;
			sourceTree = "<group>";
		};
/* End PBXVariantGroup section */

/* Begin XCBuildConfiguration section */
		0DF30AB32879AF74001F0DD5 /* Debug */ = {
			isa = XCBuildConfiguration;
			buildSettings = {
				ALWAYS_SEARCH_USER_PATHS = NO;
				CLANG_ANALYZER_NONNULL = YES;
				CLANG_ANALYZER_NUMBER_OBJECT_CONVERSION = YES_AGGRESSIVE;
				CLANG_CXX_LANGUAGE_STANDARD = "gnu++17";
				CLANG_ENABLE_MODULES = YES;
				CLANG_ENABLE_OBJC_ARC = YES;
				CLANG_ENABLE_OBJC_WEAK = YES;
				CLANG_WARN_BLOCK_CAPTURE_AUTORELEASING = YES;
				CLANG_WARN_BOOL_CONVERSION = YES;
				CLANG_WARN_COMMA = YES;
				CLANG_WARN_CONSTANT_CONVERSION = YES;
				CLANG_WARN_DEPRECATED_OBJC_IMPLEMENTATIONS = YES;
				CLANG_WARN_DIRECT_OBJC_ISA_USAGE = YES_ERROR;
				CLANG_WARN_DOCUMENTATION_COMMENTS = YES;
				CLANG_WARN_EMPTY_BODY = YES;
				CLANG_WARN_ENUM_CONVERSION = YES;
				CLANG_WARN_INFINITE_RECURSION = YES;
				CLANG_WARN_INT_CONVERSION = YES;
				CLANG_WARN_NON_LITERAL_NULL_CONVERSION = YES;
				CLANG_WARN_OBJC_IMPLICIT_RETAIN_SELF = YES;
				CLANG_WARN_OBJC_LITERAL_CONVERSION = YES;
				CLANG_WARN_OBJC_ROOT_CLASS = YES_ERROR;
				CLANG_WARN_QUOTED_INCLUDE_IN_FRAMEWORK_HEADER = YES;
				CLANG_WARN_RANGE_LOOP_ANALYSIS = YES;
				CLANG_WARN_STRICT_PROTOTYPES = YES;
				CLANG_WARN_SUSPICIOUS_MOVE = YES;
				CLANG_WARN_UNGUARDED_AVAILABILITY = YES_AGGRESSIVE;
				CLANG_WARN_UNREACHABLE_CODE = YES;
				CLANG_WARN__DUPLICATE_METHOD_MATCH = YES;
				COPY_PHASE_STRIP = NO;
				DEBUG_INFORMATION_FORMAT = dwarf;
				ENABLE_STRICT_OBJC_MSGSEND = YES;
				ENABLE_TESTABILITY = YES;
				GCC_C_LANGUAGE_STANDARD = gnu11;
				GCC_DYNAMIC_NO_PIC = NO;
				GCC_NO_COMMON_BLOCKS = YES;
				GCC_OPTIMIZATION_LEVEL = 0;
				GCC_PREPROCESSOR_DEFINITIONS = (
					"DEBUG=1",
					"$(inherited)",
				);
				GCC_WARN_64_TO_32_BIT_CONVERSION = YES;
				GCC_WARN_ABOUT_RETURN_TYPE = YES_ERROR;
				GCC_WARN_UNDECLARED_SELECTOR = YES;
				GCC_WARN_UNINITIALIZED_AUTOS = YES_AGGRESSIVE;
				GCC_WARN_UNUSED_FUNCTION = YES;
				GCC_WARN_UNUSED_VARIABLE = YES;
				IPHONEOS_DEPLOYMENT_TARGET = 15.4;
				MTL_ENABLE_DEBUG_INFO = INCLUDE_SOURCE;
				MTL_FAST_MATH = YES;
				ONLY_ACTIVE_ARCH = YES;
				OTHER_LDFLAGS = "";
				"OTHER_LDFLAGS[arch=*]" = (
					"-Xlinker",
					"-interposable",
				);
				SDKROOT = iphoneos;
				SWIFT_ACTIVE_COMPILATION_CONDITIONS = DEBUG;
				SWIFT_OPTIMIZATION_LEVEL = "-Onone";
			};
			name = Debug;
		};
		0DF30AB42879AF74001F0DD5 /* Release */ = {
			isa = XCBuildConfiguration;
			buildSettings = {
				ALWAYS_SEARCH_USER_PATHS = NO;
				CLANG_ANALYZER_NONNULL = YES;
				CLANG_ANALYZER_NUMBER_OBJECT_CONVERSION = YES_AGGRESSIVE;
				CLANG_CXX_LANGUAGE_STANDARD = "gnu++17";
				CLANG_ENABLE_MODULES = YES;
				CLANG_ENABLE_OBJC_ARC = YES;
				CLANG_ENABLE_OBJC_WEAK = YES;
				CLANG_WARN_BLOCK_CAPTURE_AUTORELEASING = YES;
				CLANG_WARN_BOOL_CONVERSION = YES;
				CLANG_WARN_COMMA = YES;
				CLANG_WARN_CONSTANT_CONVERSION = YES;
				CLANG_WARN_DEPRECATED_OBJC_IMPLEMENTATIONS = YES;
				CLANG_WARN_DIRECT_OBJC_ISA_USAGE = YES_ERROR;
				CLANG_WARN_DOCUMENTATION_COMMENTS = YES;
				CLANG_WARN_EMPTY_BODY = YES;
				CLANG_WARN_ENUM_CONVERSION = YES;
				CLANG_WARN_INFINITE_RECURSION = YES;
				CLANG_WARN_INT_CONVERSION = YES;
				CLANG_WARN_NON_LITERAL_NULL_CONVERSION = YES;
				CLANG_WARN_OBJC_IMPLICIT_RETAIN_SELF = YES;
				CLANG_WARN_OBJC_LITERAL_CONVERSION = YES;
				CLANG_WARN_OBJC_ROOT_CLASS = YES_ERROR;
				CLANG_WARN_QUOTED_INCLUDE_IN_FRAMEWORK_HEADER = YES;
				CLANG_WARN_RANGE_LOOP_ANALYSIS = YES;
				CLANG_WARN_STRICT_PROTOTYPES = YES;
				CLANG_WARN_SUSPICIOUS_MOVE = YES;
				CLANG_WARN_UNGUARDED_AVAILABILITY = YES_AGGRESSIVE;
				CLANG_WARN_UNREACHABLE_CODE = YES;
				CLANG_WARN__DUPLICATE_METHOD_MATCH = YES;
				COPY_PHASE_STRIP = NO;
				DEBUG_INFORMATION_FORMAT = "dwarf-with-dsym";
				ENABLE_NS_ASSERTIONS = NO;
				ENABLE_STRICT_OBJC_MSGSEND = YES;
				ENABLE_TESTABILITY = YES;
				GCC_C_LANGUAGE_STANDARD = gnu11;
				GCC_NO_COMMON_BLOCKS = YES;
				GCC_WARN_64_TO_32_BIT_CONVERSION = YES;
				GCC_WARN_ABOUT_RETURN_TYPE = YES_ERROR;
				GCC_WARN_UNDECLARED_SELECTOR = YES;
				GCC_WARN_UNINITIALIZED_AUTOS = YES_AGGRESSIVE;
				GCC_WARN_UNUSED_FUNCTION = YES;
				GCC_WARN_UNUSED_VARIABLE = YES;
				IPHONEOS_DEPLOYMENT_TARGET = 15.4;
				MTL_ENABLE_DEBUG_INFO = NO;
				MTL_FAST_MATH = YES;
				SDKROOT = iphoneos;
				SWIFT_COMPILATION_MODE = wholemodule;
				SWIFT_OPTIMIZATION_LEVEL = "-O";
				VALIDATE_PRODUCT = YES;
			};
			name = Release;
		};
		0DF30AB62879AF74001F0DD5 /* Debug */ = {
			isa = XCBuildConfiguration;
			buildSettings = {
				ASSETCATALOG_COMPILER_APPICON_NAME = AppIcon;
				ASSETCATALOG_COMPILER_GLOBAL_ACCENT_COLOR_NAME = AccentColor;
				CODE_SIGN_STYLE = Automatic;
				CURRENT_PROJECT_VERSION = 1;
				DEVELOPMENT_TEAM = 4G6ZD4247R;
				GENERATE_INFOPLIST_FILE = YES;
				INFOPLIST_FILE = WaterAppDemo/Info.plist;
				INFOPLIST_KEY_UIApplicationSupportsIndirectInputEvents = YES;
				INFOPLIST_KEY_UILaunchStoryboardName = LaunchScreen;
				INFOPLIST_KEY_UISupportedInterfaceOrientations_iPad = "UIInterfaceOrientationPortrait UIInterfaceOrientationPortraitUpsideDown UIInterfaceOrientationLandscapeLeft UIInterfaceOrientationLandscapeRight";
				INFOPLIST_KEY_UISupportedInterfaceOrientations_iPhone = "UIInterfaceOrientationPortrait UIInterfaceOrientationLandscapeLeft UIInterfaceOrientationLandscapeRight";
				LD_RUNPATH_SEARCH_PATHS = (
					"$(inherited)",
					"@executable_path/Frameworks",
				);
				MARKETING_VERSION = 1.0;
				PRODUCT_BUNDLE_IDENTIFIER = com.trumanfromkorea.WaterAppDemo;
				PRODUCT_NAME = "$(TARGET_NAME)";
				SWIFT_EMIT_LOC_STRINGS = YES;
				SWIFT_VERSION = 5.0;
				TARGETED_DEVICE_FAMILY = "1,2";
			};
			name = Debug;
		};
		0DF30AB72879AF74001F0DD5 /* Release */ = {
			isa = XCBuildConfiguration;
			buildSettings = {
				ASSETCATALOG_COMPILER_APPICON_NAME = AppIcon;
				ASSETCATALOG_COMPILER_GLOBAL_ACCENT_COLOR_NAME = AccentColor;
				CODE_SIGN_STYLE = Automatic;
				CURRENT_PROJECT_VERSION = 1;
				DEVELOPMENT_TEAM = 4G6ZD4247R;
				GENERATE_INFOPLIST_FILE = YES;
				INFOPLIST_FILE = WaterAppDemo/Info.plist;
				INFOPLIST_KEY_UIApplicationSupportsIndirectInputEvents = YES;
				INFOPLIST_KEY_UILaunchStoryboardName = LaunchScreen;
				INFOPLIST_KEY_UISupportedInterfaceOrientations_iPad = "UIInterfaceOrientationPortrait UIInterfaceOrientationPortraitUpsideDown UIInterfaceOrientationLandscapeLeft UIInterfaceOrientationLandscapeRight";
				INFOPLIST_KEY_UISupportedInterfaceOrientations_iPhone = "UIInterfaceOrientationPortrait UIInterfaceOrientationLandscapeLeft UIInterfaceOrientationLandscapeRight";
				LD_RUNPATH_SEARCH_PATHS = (
					"$(inherited)",
					"@executable_path/Frameworks",
				);
				MARKETING_VERSION = 1.0;
				PRODUCT_BUNDLE_IDENTIFIER = com.trumanfromkorea.WaterAppDemo;
				PRODUCT_NAME = "$(TARGET_NAME)";
				SWIFT_EMIT_LOC_STRINGS = YES;
				SWIFT_VERSION = 5.0;
				TARGETED_DEVICE_FAMILY = "1,2";
			};
			name = Release;
		};
		0DF30AB92879AF74001F0DD5 /* Debug */ = {
			isa = XCBuildConfiguration;
			buildSettings = {
				ALWAYS_EMBED_SWIFT_STANDARD_LIBRARIES = YES;
				BUNDLE_LOADER = "$(TEST_HOST)";
				CODE_SIGN_STYLE = Automatic;
				CURRENT_PROJECT_VERSION = 1;
				DEVELOPMENT_TEAM = 4G6ZD4247R;
				GENERATE_INFOPLIST_FILE = YES;
				IPHONEOS_DEPLOYMENT_TARGET = 15.4;
				MARKETING_VERSION = 1.0;
				PRODUCT_BUNDLE_IDENTIFIER = com.trumanfromkorea.WaterAppDemoTests;
				PRODUCT_NAME = "$(TARGET_NAME)";
				SWIFT_EMIT_LOC_STRINGS = NO;
				SWIFT_VERSION = 5.0;
				TARGETED_DEVICE_FAMILY = "1,2";
				TEST_HOST = "$(BUILT_PRODUCTS_DIR)/WaterAppDemo.app/WaterAppDemo";
			};
			name = Debug;
		};
		0DF30ABA2879AF74001F0DD5 /* Release */ = {
			isa = XCBuildConfiguration;
			buildSettings = {
				ALWAYS_EMBED_SWIFT_STANDARD_LIBRARIES = YES;
				BUNDLE_LOADER = "$(TEST_HOST)";
				CODE_SIGN_STYLE = Automatic;
				CURRENT_PROJECT_VERSION = 1;
				DEVELOPMENT_TEAM = 4G6ZD4247R;
				GENERATE_INFOPLIST_FILE = YES;
				IPHONEOS_DEPLOYMENT_TARGET = 15.4;
				MARKETING_VERSION = 1.0;
				PRODUCT_BUNDLE_IDENTIFIER = com.trumanfromkorea.WaterAppDemoTests;
				PRODUCT_NAME = "$(TARGET_NAME)";
				SWIFT_EMIT_LOC_STRINGS = NO;
				SWIFT_VERSION = 5.0;
				TARGETED_DEVICE_FAMILY = "1,2";
				TEST_HOST = "$(BUILT_PRODUCTS_DIR)/WaterAppDemo.app/WaterAppDemo";
			};
			name = Release;
		};
		0DF30ABC2879AF74001F0DD5 /* Debug */ = {
			isa = XCBuildConfiguration;
			buildSettings = {
				ALWAYS_EMBED_SWIFT_STANDARD_LIBRARIES = YES;
				CODE_SIGN_STYLE = Automatic;
				CURRENT_PROJECT_VERSION = 1;
				DEVELOPMENT_TEAM = 4G6ZD4247R;
				GENERATE_INFOPLIST_FILE = YES;
				MARKETING_VERSION = 1.0;
				PRODUCT_BUNDLE_IDENTIFIER = com.trumanfromkorea.WaterAppDemoUITests;
				PRODUCT_NAME = "$(TARGET_NAME)";
				SWIFT_EMIT_LOC_STRINGS = NO;
				SWIFT_VERSION = 5.0;
				TARGETED_DEVICE_FAMILY = "1,2";
				TEST_TARGET_NAME = WaterAppDemo;
			};
			name = Debug;
		};
		0DF30ABD2879AF74001F0DD5 /* Release */ = {
			isa = XCBuildConfiguration;
			buildSettings = {
				ALWAYS_EMBED_SWIFT_STANDARD_LIBRARIES = YES;
				CODE_SIGN_STYLE = Automatic;
				CURRENT_PROJECT_VERSION = 1;
				DEVELOPMENT_TEAM = 4G6ZD4247R;
				GENERATE_INFOPLIST_FILE = YES;
				MARKETING_VERSION = 1.0;
				PRODUCT_BUNDLE_IDENTIFIER = com.trumanfromkorea.WaterAppDemoUITests;
				PRODUCT_NAME = "$(TARGET_NAME)";
				SWIFT_EMIT_LOC_STRINGS = NO;
				SWIFT_VERSION = 5.0;
				TARGETED_DEVICE_FAMILY = "1,2";
				TEST_TARGET_NAME = WaterAppDemo;
			};
			name = Release;
		};
/* End XCBuildConfiguration section */

/* Begin XCConfigurationList section */
		0DF30A862879AF74001F0DD5 /* Build configuration list for PBXProject "WaterAppDemo" */ = {
			isa = XCConfigurationList;
			buildConfigurations = (
				0DF30AB32879AF74001F0DD5 /* Debug */,
				0DF30AB42879AF74001F0DD5 /* Release */,
			);
			defaultConfigurationIsVisible = 0;
			defaultConfigurationName = Release;
		};
		0DF30AB52879AF74001F0DD5 /* Build configuration list for PBXNativeTarget "WaterAppDemo" */ = {
			isa = XCConfigurationList;
			buildConfigurations = (
				0DF30AB62879AF74001F0DD5 /* Debug */,
				0DF30AB72879AF74001F0DD5 /* Release */,
			);
			defaultConfigurationIsVisible = 0;
			defaultConfigurationName = Release;
		};
		0DF30AB82879AF74001F0DD5 /* Build configuration list for PBXNativeTarget "WaterAppDemoTests" */ = {
			isa = XCConfigurationList;
			buildConfigurations = (
				0DF30AB92879AF74001F0DD5 /* Debug */,
				0DF30ABA2879AF74001F0DD5 /* Release */,
			);
			defaultConfigurationIsVisible = 0;
			defaultConfigurationName = Release;
		};
		0DF30ABB2879AF74001F0DD5 /* Build configuration list for PBXNativeTarget "WaterAppDemoUITests" */ = {
			isa = XCConfigurationList;
			buildConfigurations = (
				0DF30ABC2879AF74001F0DD5 /* Debug */,
				0DF30ABD2879AF74001F0DD5 /* Release */,
			);
			defaultConfigurationIsVisible = 0;
			defaultConfigurationName = Release;
		};
/* End XCConfigurationList section */

/* Begin XCRemoteSwiftPackageReference section */
		0DA5813A2881B517001BFF19 /* XCRemoteSwiftPackageReference "Alamofire" */ = {
			isa = XCRemoteSwiftPackageReference;
			repositoryURL = "https://github.com/Alamofire/Alamofire";
			requirement = {
				kind = upToNextMajorVersion;
				minimumVersion = 5.0.0;
			};
		};
		0DAB77422879F9B400F3F067 /* XCRemoteSwiftPackageReference "SnapKit" */ = {
			isa = XCRemoteSwiftPackageReference;
			repositoryURL = "https://github.com/SnapKit/SnapKit.git";
			requirement = {
				kind = upToNextMajorVersion;
				minimumVersion = 5.0.1;
			};
		};
		0DF44F27287FF8D4004AB6A3 /* XCRemoteSwiftPackageReference "Charts" */ = {
			isa = XCRemoteSwiftPackageReference;
			repositoryURL = "https://github.com/danielgindi/Charts.git";
			requirement = {
				branch = master;
				kind = branch;
			};
		};
/* End XCRemoteSwiftPackageReference section */

/* Begin XCSwiftPackageProductDependency section */
		0DA5813B2881B517001BFF19 /* Alamofire */ = {
			isa = XCSwiftPackageProductDependency;
			package = 0DA5813A2881B517001BFF19 /* XCRemoteSwiftPackageReference "Alamofire" */;
			productName = Alamofire;
		};
		0DAB77432879F9B400F3F067 /* SnapKit */ = {
			isa = XCSwiftPackageProductDependency;
			package = 0DAB77422879F9B400F3F067 /* XCRemoteSwiftPackageReference "SnapKit" */;
			productName = SnapKit;
		};
		0DF44F28287FF8D4004AB6A3 /* Charts */ = {
			isa = XCSwiftPackageProductDependency;
			package = 0DF44F27287FF8D4004AB6A3 /* XCRemoteSwiftPackageReference "Charts" */;
			productName = Charts;
		};
/* End XCSwiftPackageProductDependency section */
	};
	rootObject = 0DF30A832879AF74001F0DD5 /* Project object */;
}
