// !$*UTF8*$!
{
	archiveVersion = 1;
	classes = {
	};
	objectVersion = 56;
	objects = {

/* Begin PBXBuildFile section */
		0DBE017D2912053A003D1D53 /* AppDelegate.swift in Sources */ = {isa = PBXBuildFile; fileRef = 0DBE017C2912053A003D1D53 /* AppDelegate.swift */; };
		0DBE017F2912053A003D1D53 /* SceneDelegate.swift in Sources */ = {isa = PBXBuildFile; fileRef = 0DBE017E2912053A003D1D53 /* SceneDelegate.swift */; };
		0DBE01812912053A003D1D53 /* ViewController.swift in Sources */ = {isa = PBXBuildFile; fileRef = 0DBE01802912053A003D1D53 /* ViewController.swift */; };
		0DBE01842912053A003D1D53 /* Main.storyboard in Resources */ = {isa = PBXBuildFile; fileRef = 0DBE01822912053A003D1D53 /* Main.storyboard */; };
		0DBE01872912053A003D1D53 /* MyCoreData.xcdatamodeld in Sources */ = {isa = PBXBuildFile; fileRef = 0DBE01852912053A003D1D53 /* MyCoreData.xcdatamodeld */; };
		0DBE01892912053A003D1D53 /* Assets.xcassets in Resources */ = {isa = PBXBuildFile; fileRef = 0DBE01882912053A003D1D53 /* Assets.xcassets */; };
		0DBE018C2912053A003D1D53 /* LaunchScreen.storyboard in Resources */ = {isa = PBXBuildFile; fileRef = 0DBE018A2912053A003D1D53 /* LaunchScreen.storyboard */; };
		0DBE01972912053B003D1D53 /* MyCoreDataTests.swift in Sources */ = {isa = PBXBuildFile; fileRef = 0DBE01962912053B003D1D53 /* MyCoreDataTests.swift */; };
		0DBE01A12912053B003D1D53 /* MyCoreDataUITests.swift in Sources */ = {isa = PBXBuildFile; fileRef = 0DBE01A02912053B003D1D53 /* MyCoreDataUITests.swift */; };
		0DBE01A32912053B003D1D53 /* MyCoreDataUITestsLaunchTests.swift in Sources */ = {isa = PBXBuildFile; fileRef = 0DBE01A22912053B003D1D53 /* MyCoreDataUITestsLaunchTests.swift */; };
/* End PBXBuildFile section */

/* Begin PBXContainerItemProxy section */
		0DBE01932912053B003D1D53 /* PBXContainerItemProxy */ = {
			isa = PBXContainerItemProxy;
			containerPortal = 0DBE01712912053A003D1D53 /* Project object */;
			proxyType = 1;
			remoteGlobalIDString = 0DBE01782912053A003D1D53;
			remoteInfo = MyCoreData;
		};
		0DBE019D2912053B003D1D53 /* PBXContainerItemProxy */ = {
			isa = PBXContainerItemProxy;
			containerPortal = 0DBE01712912053A003D1D53 /* Project object */;
			proxyType = 1;
			remoteGlobalIDString = 0DBE01782912053A003D1D53;
			remoteInfo = MyCoreData;
		};
/* End PBXContainerItemProxy section */

/* Begin PBXFileReference section */
		0DBE01792912053A003D1D53 /* MyCoreData.app */ = {isa = PBXFileReference; explicitFileType = wrapper.application; includeInIndex = 0; path = MyCoreData.app; sourceTree = BUILT_PRODUCTS_DIR; };
		0DBE017C2912053A003D1D53 /* AppDelegate.swift */ = {isa = PBXFileReference; lastKnownFileType = sourcecode.swift; path = AppDelegate.swift; sourceTree = "<group>"; };
		0DBE017E2912053A003D1D53 /* SceneDelegate.swift */ = {isa = PBXFileReference; lastKnownFileType = sourcecode.swift; path = SceneDelegate.swift; sourceTree = "<group>"; };
		0DBE01802912053A003D1D53 /* ViewController.swift */ = {isa = PBXFileReference; lastKnownFileType = sourcecode.swift; path = ViewController.swift; sourceTree = "<group>"; };
		0DBE01832912053A003D1D53 /* Base */ = {isa = PBXFileReference; lastKnownFileType = file.storyboard; name = Base; path = Base.lproj/Main.storyboard; sourceTree = "<group>"; };
		0DBE01862912053A003D1D53 /* MyCoreData.xcdatamodel */ = {isa = PBXFileReference; lastKnownFileType = wrapper.xcdatamodel; path = MyCoreData.xcdatamodel; sourceTree = "<group>"; };
		0DBE01882912053A003D1D53 /* Assets.xcassets */ = {isa = PBXFileReference; lastKnownFileType = folder.assetcatalog; path = Assets.xcassets; sourceTree = "<group>"; };
		0DBE018B2912053A003D1D53 /* Base */ = {isa = PBXFileReference; lastKnownFileType = file.storyboard; name = Base; path = Base.lproj/LaunchScreen.storyboard; sourceTree = "<group>"; };
		0DBE018D2912053A003D1D53 /* Info.plist */ = {isa = PBXFileReference; lastKnownFileType = text.plist.xml; path = Info.plist; sourceTree = "<group>"; };
		0DBE01922912053B003D1D53 /* MyCoreDataTests.xctest */ = {isa = PBXFileReference; explicitFileType = wrapper.cfbundle; includeInIndex = 0; path = MyCoreDataTests.xctest; sourceTree = BUILT_PRODUCTS_DIR; };
		0DBE01962912053B003D1D53 /* MyCoreDataTests.swift */ = {isa = PBXFileReference; lastKnownFileType = sourcecode.swift; path = MyCoreDataTests.swift; sourceTree = "<group>"; };
		0DBE019C2912053B003D1D53 /* MyCoreDataUITests.xctest */ = {isa = PBXFileReference; explicitFileType = wrapper.cfbundle; includeInIndex = 0; path = MyCoreDataUITests.xctest; sourceTree = BUILT_PRODUCTS_DIR; };
		0DBE01A02912053B003D1D53 /* MyCoreDataUITests.swift */ = {isa = PBXFileReference; lastKnownFileType = sourcecode.swift; path = MyCoreDataUITests.swift; sourceTree = "<group>"; };
		0DBE01A22912053B003D1D53 /* MyCoreDataUITestsLaunchTests.swift */ = {isa = PBXFileReference; lastKnownFileType = sourcecode.swift; path = MyCoreDataUITestsLaunchTests.swift; sourceTree = "<group>"; };
/* End PBXFileReference section */

/* Begin PBXFrameworksBuildPhase section */
		0DBE01762912053A003D1D53 /* Frameworks */ = {
			isa = PBXFrameworksBuildPhase;
			buildActionMask = 2147483647;
			files = (
			);
			runOnlyForDeploymentPostprocessing = 0;
		};
		0DBE018F2912053B003D1D53 /* Frameworks */ = {
			isa = PBXFrameworksBuildPhase;
			buildActionMask = 2147483647;
			files = (
			);
			runOnlyForDeploymentPostprocessing = 0;
		};
		0DBE01992912053B003D1D53 /* Frameworks */ = {
			isa = PBXFrameworksBuildPhase;
			buildActionMask = 2147483647;
			files = (
			);
			runOnlyForDeploymentPostprocessing = 0;
		};
/* End PBXFrameworksBuildPhase section */

/* Begin PBXGroup section */
		0DBE01702912053A003D1D53 = {
			isa = PBXGroup;
			children = (
				0DBE017B2912053A003D1D53 /* MyCoreData */,
				0DBE01952912053B003D1D53 /* MyCoreDataTests */,
				0DBE019F2912053B003D1D53 /* MyCoreDataUITests */,
				0DBE017A2912053A003D1D53 /* Products */,
			);
			sourceTree = "<group>";
		};
		0DBE017A2912053A003D1D53 /* Products */ = {
			isa = PBXGroup;
			children = (
				0DBE01792912053A003D1D53 /* MyCoreData.app */,
				0DBE01922912053B003D1D53 /* MyCoreDataTests.xctest */,
				0DBE019C2912053B003D1D53 /* MyCoreDataUITests.xctest */,
			);
			name = Products;
			sourceTree = "<group>";
		};
		0DBE017B2912053A003D1D53 /* MyCoreData */ = {
			isa = PBXGroup;
			children = (
				0DBE017C2912053A003D1D53 /* AppDelegate.swift */,
				0DBE017E2912053A003D1D53 /* SceneDelegate.swift */,
				0DBE01802912053A003D1D53 /* ViewController.swift */,
				0DBE01822912053A003D1D53 /* Main.storyboard */,
				0DBE01882912053A003D1D53 /* Assets.xcassets */,
				0DBE018A2912053A003D1D53 /* LaunchScreen.storyboard */,
				0DBE018D2912053A003D1D53 /* Info.plist */,
				0DBE01852912053A003D1D53 /* MyCoreData.xcdatamodeld */,
			);
			path = MyCoreData;
			sourceTree = "<group>";
		};
		0DBE01952912053B003D1D53 /* MyCoreDataTests */ = {
			isa = PBXGroup;
			children = (
				0DBE01962912053B003D1D53 /* MyCoreDataTests.swift */,
			);
			path = MyCoreDataTests;
			sourceTree = "<group>";
		};
		0DBE019F2912053B003D1D53 /* MyCoreDataUITests */ = {
			isa = PBXGroup;
			children = (
				0DBE01A02912053B003D1D53 /* MyCoreDataUITests.swift */,
				0DBE01A22912053B003D1D53 /* MyCoreDataUITestsLaunchTests.swift */,
			);
			path = MyCoreDataUITests;
			sourceTree = "<group>";
		};
/* End PBXGroup section */

/* Begin PBXNativeTarget section */
		0DBE01782912053A003D1D53 /* MyCoreData */ = {
			isa = PBXNativeTarget;
			buildConfigurationList = 0DBE01A62912053B003D1D53 /* Build configuration list for PBXNativeTarget "MyCoreData" */;
			buildPhases = (
				0DBE01752912053A003D1D53 /* Sources */,
				0DBE01762912053A003D1D53 /* Frameworks */,
				0DBE01772912053A003D1D53 /* Resources */,
			);
			buildRules = (
			);
			dependencies = (
			);
			name = MyCoreData;
			productName = MyCoreData;
			productReference = 0DBE01792912053A003D1D53 /* MyCoreData.app */;
			productType = "com.apple.product-type.application";
		};
		0DBE01912912053B003D1D53 /* MyCoreDataTests */ = {
			isa = PBXNativeTarget;
			buildConfigurationList = 0DBE01A92912053B003D1D53 /* Build configuration list for PBXNativeTarget "MyCoreDataTests" */;
			buildPhases = (
				0DBE018E2912053B003D1D53 /* Sources */,
				0DBE018F2912053B003D1D53 /* Frameworks */,
				0DBE01902912053B003D1D53 /* Resources */,
			);
			buildRules = (
			);
			dependencies = (
				0DBE01942912053B003D1D53 /* PBXTargetDependency */,
			);
			name = MyCoreDataTests;
			productName = MyCoreDataTests;
			productReference = 0DBE01922912053B003D1D53 /* MyCoreDataTests.xctest */;
			productType = "com.apple.product-type.bundle.unit-test";
		};
		0DBE019B2912053B003D1D53 /* MyCoreDataUITests */ = {
			isa = PBXNativeTarget;
			buildConfigurationList = 0DBE01AC2912053B003D1D53 /* Build configuration list for PBXNativeTarget "MyCoreDataUITests" */;
			buildPhases = (
				0DBE01982912053B003D1D53 /* Sources */,
				0DBE01992912053B003D1D53 /* Frameworks */,
				0DBE019A2912053B003D1D53 /* Resources */,
			);
			buildRules = (
			);
			dependencies = (
				0DBE019E2912053B003D1D53 /* PBXTargetDependency */,
			);
			name = MyCoreDataUITests;
			productName = MyCoreDataUITests;
			productReference = 0DBE019C2912053B003D1D53 /* MyCoreDataUITests.xctest */;
			productType = "com.apple.product-type.bundle.ui-testing";
		};
/* End PBXNativeTarget section */

/* Begin PBXProject section */
		0DBE01712912053A003D1D53 /* Project object */ = {
			isa = PBXProject;
			attributes = {
				BuildIndependentTargetsInParallel = 1;
				LastSwiftUpdateCheck = 1400;
				LastUpgradeCheck = 1400;
				TargetAttributes = {
					0DBE01782912053A003D1D53 = {
						CreatedOnToolsVersion = 14.0.1;
					};
					0DBE01912912053B003D1D53 = {
						CreatedOnToolsVersion = 14.0.1;
						TestTargetID = 0DBE01782912053A003D1D53;
					};
					0DBE019B2912053B003D1D53 = {
						CreatedOnToolsVersion = 14.0.1;
						TestTargetID = 0DBE01782912053A003D1D53;
					};
				};
			};
			buildConfigurationList = 0DBE01742912053A003D1D53 /* Build configuration list for PBXProject "MyCoreData" */;
			compatibilityVersion = "Xcode 14.0";
			developmentRegion = en;
			hasScannedForEncodings = 0;
			knownRegions = (
				en,
				Base,
			);
			mainGroup = 0DBE01702912053A003D1D53;
			productRefGroup = 0DBE017A2912053A003D1D53 /* Products */;
			projectDirPath = "";
			projectRoot = "";
			targets = (
				0DBE01782912053A003D1D53 /* MyCoreData */,
				0DBE01912912053B003D1D53 /* MyCoreDataTests */,
				0DBE019B2912053B003D1D53 /* MyCoreDataUITests */,
			);
		};
/* End PBXProject section */

/* Begin PBXResourcesBuildPhase section */
		0DBE01772912053A003D1D53 /* Resources */ = {
			isa = PBXResourcesBuildPhase;
			buildActionMask = 2147483647;
			files = (
				0DBE018C2912053A003D1D53 /* LaunchScreen.storyboard in Resources */,
				0DBE01892912053A003D1D53 /* Assets.xcassets in Resources */,
				0DBE01842912053A003D1D53 /* Main.storyboard in Resources */,
			);
			runOnlyForDeploymentPostprocessing = 0;
		};
		0DBE01902912053B003D1D53 /* Resources */ = {
			isa = PBXResourcesBuildPhase;
			buildActionMask = 2147483647;
			files = (
			);
			runOnlyForDeploymentPostprocessing = 0;
		};
		0DBE019A2912053B003D1D53 /* Resources */ = {
			isa = PBXResourcesBuildPhase;
			buildActionMask = 2147483647;
			files = (
			);
			runOnlyForDeploymentPostprocessing = 0;
		};
/* End PBXResourcesBuildPhase section */

/* Begin PBXSourcesBuildPhase section */
		0DBE01752912053A003D1D53 /* Sources */ = {
			isa = PBXSourcesBuildPhase;
			buildActionMask = 2147483647;
			files = (
				0DBE01872912053A003D1D53 /* MyCoreData.xcdatamodeld in Sources */,
				0DBE01812912053A003D1D53 /* ViewController.swift in Sources */,
				0DBE017D2912053A003D1D53 /* AppDelegate.swift in Sources */,
				0DBE017F2912053A003D1D53 /* SceneDelegate.swift in Sources */,
			);
			runOnlyForDeploymentPostprocessing = 0;
		};
		0DBE018E2912053B003D1D53 /* Sources */ = {
			isa = PBXSourcesBuildPhase;
			buildActionMask = 2147483647;
			files = (
				0DBE01972912053B003D1D53 /* MyCoreDataTests.swift in Sources */,
			);
			runOnlyForDeploymentPostprocessing = 0;
		};
		0DBE01982912053B003D1D53 /* Sources */ = {
			isa = PBXSourcesBuildPhase;
			buildActionMask = 2147483647;
			files = (
				0DBE01A12912053B003D1D53 /* MyCoreDataUITests.swift in Sources */,
				0DBE01A32912053B003D1D53 /* MyCoreDataUITestsLaunchTests.swift in Sources */,
			);
			runOnlyForDeploymentPostprocessing = 0;
		};
/* End PBXSourcesBuildPhase section */

/* Begin PBXTargetDependency section */
		0DBE01942912053B003D1D53 /* PBXTargetDependency */ = {
			isa = PBXTargetDependency;
			target = 0DBE01782912053A003D1D53 /* MyCoreData */;
			targetProxy = 0DBE01932912053B003D1D53 /* PBXContainerItemProxy */;
		};
		0DBE019E2912053B003D1D53 /* PBXTargetDependency */ = {
			isa = PBXTargetDependency;
			target = 0DBE01782912053A003D1D53 /* MyCoreData */;
			targetProxy = 0DBE019D2912053B003D1D53 /* PBXContainerItemProxy */;
		};
/* End PBXTargetDependency section */

/* Begin PBXVariantGroup section */
		0DBE01822912053A003D1D53 /* Main.storyboard */ = {
			isa = PBXVariantGroup;
			children = (
				0DBE01832912053A003D1D53 /* Base */,
			);
			name = Main.storyboard;
			sourceTree = "<group>";
		};
		0DBE018A2912053A003D1D53 /* LaunchScreen.storyboard */ = {
			isa = PBXVariantGroup;
			children = (
				0DBE018B2912053A003D1D53 /* Base */,
			);
			name = LaunchScreen.storyboard;
			sourceTree = "<group>";
		};
/* End PBXVariantGroup section */

/* Begin XCBuildConfiguration section */
		0DBE01A42912053B003D1D53 /* Debug */ = {
			isa = XCBuildConfiguration;
			buildSettings = {
				ALWAYS_SEARCH_USER_PATHS = NO;
				CLANG_ANALYZER_NONNULL = YES;
				CLANG_ANALYZER_NUMBER_OBJECT_CONVERSION = YES_AGGRESSIVE;
				CLANG_CXX_LANGUAGE_STANDARD = "gnu++20";
				CLANG_ENABLE_MODULES = YES;
				CLANG_ENABLE_OBJC_ARC = YES;
				CLANG_ENABLE_OBJC_WEAK = YES;
				CLANG_WARN_BLOCK_CAPTURE_AUTORELEASING = YES;
				CLANG_WARN_BOOL_CONVERSION = YES;
				CLANG_WARN_COMMA = YES;
				CLANG_WARN_CONSTANT_CONVERSION = YES;
				CLANG_WARN_DEPRECATED_OBJC_IMPLEMENTATIONS = YES;
				CLANG_WARN_DIRECT_OBJC_ISA_USAGE = YES_ERROR;
				CLANG_WARN_DOCUMENTATION_COMMENTS = YES;
				CLANG_WARN_EMPTY_BODY = YES;
				CLANG_WARN_ENUM_CONVERSION = YES;
				CLANG_WARN_INFINITE_RECURSION = YES;
				CLANG_WARN_INT_CONVERSION = YES;
				CLANG_WARN_NON_LITERAL_NULL_CONVERSION = YES;
				CLANG_WARN_OBJC_IMPLICIT_RETAIN_SELF = YES;
				CLANG_WARN_OBJC_LITERAL_CONVERSION = YES;
				CLANG_WARN_OBJC_ROOT_CLASS = YES_ERROR;
				CLANG_WARN_QUOTED_INCLUDE_IN_FRAMEWORK_HEADER = YES;
				CLANG_WARN_RANGE_LOOP_ANALYSIS = YES;
				CLANG_WARN_STRICT_PROTOTYPES = YES;
				CLANG_WARN_SUSPICIOUS_MOVE = YES;
				CLANG_WARN_UNGUARDED_AVAILABILITY = YES_AGGRESSIVE;
				CLANG_WARN_UNREACHABLE_CODE = YES;
				CLANG_WARN__DUPLICATE_METHOD_MATCH = YES;
				COPY_PHASE_STRIP = NO;
				DEBUG_INFORMATION_FORMAT = dwarf;
				ENABLE_STRICT_OBJC_MSGSEND = YES;
				ENABLE_TESTABILITY = YES;
				GCC_C_LANGUAGE_STANDARD = gnu11;
				GCC_DYNAMIC_NO_PIC = NO;
				GCC_NO_COMMON_BLOCKS = YES;
				GCC_OPTIMIZATION_LEVEL = 0;
				GCC_PREPROCESSOR_DEFINITIONS = (
					"DEBUG=1",
					"$(inherited)",
				);
				GCC_WARN_64_TO_32_BIT_CONVERSION = YES;
				GCC_WARN_ABOUT_RETURN_TYPE = YES_ERROR;
				GCC_WARN_UNDECLARED_SELECTOR = YES;
				GCC_WARN_UNINITIALIZED_AUTOS = YES_AGGRESSIVE;
				GCC_WARN_UNUSED_FUNCTION = YES;
				GCC_WARN_UNUSED_VARIABLE = YES;
				IPHONEOS_DEPLOYMENT_TARGET = 16.0;
				MTL_ENABLE_DEBUG_INFO = INCLUDE_SOURCE;
				MTL_FAST_MATH = YES;
				ONLY_ACTIVE_ARCH = YES;
				SDKROOT = iphoneos;
				SWIFT_ACTIVE_COMPILATION_CONDITIONS = DEBUG;
				SWIFT_OPTIMIZATION_LEVEL = "-Onone";
			};
			name = Debug;
		};
		0DBE01A52912053B003D1D53 /* Release */ = {
			isa = XCBuildConfiguration;
			buildSettings = {
				ALWAYS_SEARCH_USER_PATHS = NO;
				CLANG_ANALYZER_NONNULL = YES;
				CLANG_ANALYZER_NUMBER_OBJECT_CONVERSION = YES_AGGRESSIVE;
				CLANG_CXX_LANGUAGE_STANDARD = "gnu++20";
				CLANG_ENABLE_MODULES = YES;
				CLANG_ENABLE_OBJC_ARC = YES;
				CLANG_ENABLE_OBJC_WEAK = YES;
				CLANG_WARN_BLOCK_CAPTURE_AUTORELEASING = YES;
				CLANG_WARN_BOOL_CONVERSION = YES;
				CLANG_WARN_COMMA = YES;
				CLANG_WARN_CONSTANT_CONVERSION = YES;
				CLANG_WARN_DEPRECATED_OBJC_IMPLEMENTATIONS = YES;
				CLANG_WARN_DIRECT_OBJC_ISA_USAGE = YES_ERROR;
				CLANG_WARN_DOCUMENTATION_COMMENTS = YES;
				CLANG_WARN_EMPTY_BODY = YES;
				CLANG_WARN_ENUM_CONVERSION = YES;
				CLANG_WARN_INFINITE_RECURSION = YES;
				CLANG_WARN_INT_CONVERSION = YES;
				CLANG_WARN_NON_LITERAL_NULL_CONVERSION = YES;
				CLANG_WARN_OBJC_IMPLICIT_RETAIN_SELF = YES;
				CLANG_WARN_OBJC_LITERAL_CONVERSION = YES;
				CLANG_WARN_OBJC_ROOT_CLASS = YES_ERROR;
				CLANG_WARN_QUOTED_INCLUDE_IN_FRAMEWORK_HEADER = YES;
				CLANG_WARN_RANGE_LOOP_ANALYSIS = YES;
				CLANG_WARN_STRICT_PROTOTYPES = YES;
				CLANG_WARN_SUSPICIOUS_MOVE = YES;
				CLANG_WARN_UNGUARDED_AVAILABILITY = YES_AGGRESSIVE;
				CLANG_WARN_UNREACHABLE_CODE = YES;
				CLANG_WARN__DUPLICATE_METHOD_MATCH = YES;
				COPY_PHASE_STRIP = NO;
				DEBUG_INFORMATION_FORMAT = "dwarf-with-dsym";
				ENABLE_NS_ASSERTIONS = NO;
				ENABLE_STRICT_OBJC_MSGSEND = YES;
				GCC_C_LANGUAGE_STANDARD = gnu11;
				GCC_NO_COMMON_BLOCKS = YES;
				GCC_WARN_64_TO_32_BIT_CONVERSION = YES;
				GCC_WARN_ABOUT_RETURN_TYPE = YES_ERROR;
				GCC_WARN_UNDECLARED_SELECTOR = YES;
				GCC_WARN_UNINITIALIZED_AUTOS = YES_AGGRESSIVE;
				GCC_WARN_UNUSED_FUNCTION = YES;
				GCC_WARN_UNUSED_VARIABLE = YES;
				IPHONEOS_DEPLOYMENT_TARGET = 16.0;
				MTL_ENABLE_DEBUG_INFO = NO;
				MTL_FAST_MATH = YES;
				SDKROOT = iphoneos;
				SWIFT_COMPILATION_MODE = wholemodule;
				SWIFT_OPTIMIZATION_LEVEL = "-O";
				VALIDATE_PRODUCT = YES;
			};
			name = Release;
		};
		0DBE01A72912053B003D1D53 /* Debug */ = {
			isa = XCBuildConfiguration;
			buildSettings = {
				ASSETCATALOG_COMPILER_APPICON_NAME = AppIcon;
				ASSETCATALOG_COMPILER_GLOBAL_ACCENT_COLOR_NAME = AccentColor;
				CODE_SIGN_STYLE = Automatic;
				CURRENT_PROJECT_VERSION = 1;
				DEVELOPMENT_TEAM = 4G6ZD4247R;
				GENERATE_INFOPLIST_FILE = YES;
				INFOPLIST_FILE = MyCoreData/Info.plist;
				INFOPLIST_KEY_UIApplicationSupportsIndirectInputEvents = YES;
				INFOPLIST_KEY_UILaunchStoryboardName = LaunchScreen;
				INFOPLIST_KEY_UIMainStoryboardFile = Main;
				INFOPLIST_KEY_UISupportedInterfaceOrientations_iPad = "UIInterfaceOrientationPortrait UIInterfaceOrientationPortraitUpsideDown UIInterfaceOrientationLandscapeLeft UIInterfaceOrientationLandscapeRight";
				INFOPLIST_KEY_UISupportedInterfaceOrientations_iPhone = "UIInterfaceOrientationPortrait UIInterfaceOrientationLandscapeLeft UIInterfaceOrientationLandscapeRight";
				LD_RUNPATH_SEARCH_PATHS = (
					"$(inherited)",
					"@executable_path/Frameworks",
				);
				MARKETING_VERSION = 1.0;
				PRODUCT_BUNDLE_IDENTIFIER = com.trumanfromkorea.MyCoreData;
				PRODUCT_NAME = "$(TARGET_NAME)";
				SWIFT_EMIT_LOC_STRINGS = YES;
				SWIFT_VERSION = 5.0;
				TARGETED_DEVICE_FAMILY = "1,2";
			};
			name = Debug;
		};
		0DBE01A82912053B003D1D53 /* Release */ = {
			isa = XCBuildConfiguration;
			buildSettings = {
				ASSETCATALOG_COMPILER_APPICON_NAME = AppIcon;
				ASSETCATALOG_COMPILER_GLOBAL_ACCENT_COLOR_NAME = AccentColor;
				CODE_SIGN_STYLE = Automatic;
				CURRENT_PROJECT_VERSION = 1;
				DEVELOPMENT_TEAM = 4G6ZD4247R;
				GENERATE_INFOPLIST_FILE = YES;
				INFOPLIST_FILE = MyCoreData/Info.plist;
				INFOPLIST_KEY_UIApplicationSupportsIndirectInputEvents = YES;
				INFOPLIST_KEY_UILaunchStoryboardName = LaunchScreen;
				INFOPLIST_KEY_UIMainStoryboardFile = Main;
				INFOPLIST_KEY_UISupportedInterfaceOrientations_iPad = "UIInterfaceOrientationPortrait UIInterfaceOrientationPortraitUpsideDown UIInterfaceOrientationLandscapeLeft UIInterfaceOrientationLandscapeRight";
				INFOPLIST_KEY_UISupportedInterfaceOrientations_iPhone = "UIInterfaceOrientationPortrait UIInterfaceOrientationLandscapeLeft UIInterfaceOrientationLandscapeRight";
				LD_RUNPATH_SEARCH_PATHS = (
					"$(inherited)",
					"@executable_path/Frameworks",
				);
				MARKETING_VERSION = 1.0;
				PRODUCT_BUNDLE_IDENTIFIER = com.trumanfromkorea.MyCoreData;
				PRODUCT_NAME = "$(TARGET_NAME)";
				SWIFT_EMIT_LOC_STRINGS = YES;
				SWIFT_VERSION = 5.0;
				TARGETED_DEVICE_FAMILY = "1,2";
			};
			name = Release;
		};
		0DBE01AA2912053B003D1D53 /* Debug */ = {
			isa = XCBuildConfiguration;
			buildSettings = {
				ALWAYS_EMBED_SWIFT_STANDARD_LIBRARIES = YES;
				BUNDLE_LOADER = "$(TEST_HOST)";
				CODE_SIGN_STYLE = Automatic;
				CURRENT_PROJECT_VERSION = 1;
				DEVELOPMENT_TEAM = 4G6ZD4247R;
				GENERATE_INFOPLIST_FILE = YES;
				IPHONEOS_DEPLOYMENT_TARGET = 16.0;
				MARKETING_VERSION = 1.0;
				PRODUCT_BUNDLE_IDENTIFIER = com.trumanfromkorea.MyCoreDataTests;
				PRODUCT_NAME = "$(TARGET_NAME)";
				SWIFT_EMIT_LOC_STRINGS = NO;
				SWIFT_VERSION = 5.0;
				TARGETED_DEVICE_FAMILY = "1,2";
				TEST_HOST = "$(BUILT_PRODUCTS_DIR)/MyCoreData.app/$(BUNDLE_EXECUTABLE_FOLDER_PATH)/MyCoreData";
			};
			name = Debug;
		};
		0DBE01AB2912053B003D1D53 /* Release */ = {
			isa = XCBuildConfiguration;
			buildSettings = {
				ALWAYS_EMBED_SWIFT_STANDARD_LIBRARIES = YES;
				BUNDLE_LOADER = "$(TEST_HOST)";
				CODE_SIGN_STYLE = Automatic;
				CURRENT_PROJECT_VERSION = 1;
				DEVELOPMENT_TEAM = 4G6ZD4247R;
				GENERATE_INFOPLIST_FILE = YES;
				IPHONEOS_DEPLOYMENT_TARGET = 16.0;
				MARKETING_VERSION = 1.0;
				PRODUCT_BUNDLE_IDENTIFIER = com.trumanfromkorea.MyCoreDataTests;
				PRODUCT_NAME = "$(TARGET_NAME)";
				SWIFT_EMIT_LOC_STRINGS = NO;
				SWIFT_VERSION = 5.0;
				TARGETED_DEVICE_FAMILY = "1,2";
				TEST_HOST = "$(BUILT_PRODUCTS_DIR)/MyCoreData.app/$(BUNDLE_EXECUTABLE_FOLDER_PATH)/MyCoreData";
			};
			name = Release;
		};
		0DBE01AD2912053B003D1D53 /* Debug */ = {
			isa = XCBuildConfiguration;
			buildSettings = {
				ALWAYS_EMBED_SWIFT_STANDARD_LIBRARIES = YES;
				CODE_SIGN_STYLE = Automatic;
				CURRENT_PROJECT_VERSION = 1;
				DEVELOPMENT_TEAM = 4G6ZD4247R;
				GENERATE_INFOPLIST_FILE = YES;
				MARKETING_VERSION = 1.0;
				PRODUCT_BUNDLE_IDENTIFIER = com.trumanfromkorea.MyCoreDataUITests;
				PRODUCT_NAME = "$(TARGET_NAME)";
				SWIFT_EMIT_LOC_STRINGS = NO;
				SWIFT_VERSION = 5.0;
				TARGETED_DEVICE_FAMILY = "1,2";
				TEST_TARGET_NAME = MyCoreData;
			};
			name = Debug;
		};
		0DBE01AE2912053B003D1D53 /* Release */ = {
			isa = XCBuildConfiguration;
			buildSettings = {
				ALWAYS_EMBED_SWIFT_STANDARD_LIBRARIES = YES;
				CODE_SIGN_STYLE = Automatic;
				CURRENT_PROJECT_VERSION = 1;
				DEVELOPMENT_TEAM = 4G6ZD4247R;
				GENERATE_INFOPLIST_FILE = YES;
				MARKETING_VERSION = 1.0;
				PRODUCT_BUNDLE_IDENTIFIER = com.trumanfromkorea.MyCoreDataUITests;
				PRODUCT_NAME = "$(TARGET_NAME)";
				SWIFT_EMIT_LOC_STRINGS = NO;
				SWIFT_VERSION = 5.0;
				TARGETED_DEVICE_FAMILY = "1,2";
				TEST_TARGET_NAME = MyCoreData;
			};
			name = Release;
		};
/* End XCBuildConfiguration section */

/* Begin XCConfigurationList section */
		0DBE01742912053A003D1D53 /* Build configuration list for PBXProject "MyCoreData" */ = {
			isa = XCConfigurationList;
			buildConfigurations = (
				0DBE01A42912053B003D1D53 /* Debug */,
				0DBE01A52912053B003D1D53 /* Release */,
			);
			defaultConfigurationIsVisible = 0;
			defaultConfigurationName = Release;
		};
		0DBE01A62912053B003D1D53 /* Build configuration list for PBXNativeTarget "MyCoreData" */ = {
			isa = XCConfigurationList;
			buildConfigurations = (
				0DBE01A72912053B003D1D53 /* Debug */,
				0DBE01A82912053B003D1D53 /* Release */,
			);
			defaultConfigurationIsVisible = 0;
			defaultConfigurationName = Release;
		};
		0DBE01A92912053B003D1D53 /* Build configuration list for PBXNativeTarget "MyCoreDataTests" */ = {
			isa = XCConfigurationList;
			buildConfigurations = (
				0DBE01AA2912053B003D1D53 /* Debug */,
				0DBE01AB2912053B003D1D53 /* Release */,
			);
			defaultConfigurationIsVisible = 0;
			defaultConfigurationName = Release;
		};
		0DBE01AC2912053B003D1D53 /* Build configuration list for PBXNativeTarget "MyCoreDataUITests" */ = {
			isa = XCConfigurationList;
			buildConfigurations = (
				0DBE01AD2912053B003D1D53 /* Debug */,
				0DBE01AE2912053B003D1D53 /* Release */,
			);
			defaultConfigurationIsVisible = 0;
			defaultConfigurationName = Release;
		};
/* End XCConfigurationList section */

/* Begin XCVersionGroup section */
		0DBE01852912053A003D1D53 /* MyCoreData.xcdatamodeld */ = {
			isa = XCVersionGroup;
			children = (
				0DBE01862912053A003D1D53 /* MyCoreData.xcdatamodel */,
			);
			currentVersion = 0DBE01862912053A003D1D53 /* MyCoreData.xcdatamodel */;
			path = MyCoreData.xcdatamodeld;
			sourceTree = "<group>";
			versionGroupType = wrapper.xcdatamodel;
		};
/* End XCVersionGroup section */
	};
	rootObject = 0DBE01712912053A003D1D53 /* Project object */;
}
