{
  "pins" : [
    {
      "identity" : "inject",
      "kind" : "remoteSourceControl",
      "location" : "https://github.com/krzysztofzablocki/Inject.git",
      "state" : {
        "revision" : "c0ed5f5de62475e286a3b7c676cec99fa34533ce",
        "version" : "1.1.1"
      }
    }
  ],
  "version" : 2
}
