// !$*UTF8*$!
{
	archiveVersion = 1;
	classes = {
	};
	objectVersion = 56;
	objects = {

/* Begin PBXBuildFile section */
		0D57D89C2908359F00B92F61 /* AppDelegate.swift in Sources */ = {isa = PBXBuildFile; fileRef = 0D57D89B2908359F00B92F61 /* AppDelegate.swift */; };
		0D57D89E2908359F00B92F61 /* SceneDelegate.swift in Sources */ = {isa = PBXBuildFile; fileRef = 0D57D89D2908359F00B92F61 /* SceneDelegate.swift */; };
		0D57D8A02908359F00B92F61 /* ViewController.swift in Sources */ = {isa = PBXBuildFile; fileRef = 0D57D89F2908359F00B92F61 /* ViewController.swift */; };
		0D57D8A32908359F00B92F61 /* Main.storyboard in Resources */ = {isa = PBXBuildFile; fileRef = 0D57D8A12908359F00B92F61 /* Main.storyboard */; };
		0D57D8A52908359F00B92F61 /* Assets.xcassets in Resources */ = {isa = PBXBuildFile; fileRef = 0D57D8A42908359F00B92F61 /* Assets.xcassets */; };
		0D57D8A82908359F00B92F61 /* LaunchScreen.storyboard in Resources */ = {isa = PBXBuildFile; fileRef = 0D57D8A62908359F00B92F61 /* LaunchScreen.storyboard */; };
		0D57D8B32908359F00B92F61 /* MyFirstRxTests.swift in Sources */ = {isa = PBXBuildFile; fileRef = 0D57D8B22908359F00B92F61 /* MyFirstRxTests.swift */; };
		0D57D8BD2908359F00B92F61 /* MyFirstRxUITests.swift in Sources */ = {isa = PBXBuildFile; fileRef = 0D57D8BC2908359F00B92F61 /* MyFirstRxUITests.swift */; };
		0D57D8BF2908359F00B92F61 /* MyFirstRxUITestsLaunchTests.swift in Sources */ = {isa = PBXBuildFile; fileRef = 0D57D8BE2908359F00B92F61 /* MyFirstRxUITestsLaunchTests.swift */; };
		0D57D8D229083A7B00B92F61 /* RxCocoa in Frameworks */ = {isa = PBXBuildFile; productRef = 0D57D8D129083A7B00B92F61 /* RxCocoa */; };
		0D57D8D429083A7B00B92F61 /* RxSwift in Frameworks */ = {isa = PBXBuildFile; productRef = 0D57D8D329083A7B00B92F61 /* RxSwift */; };
/* End PBXBuildFile section */

/* Begin PBXContainerItemProxy section */
		0D57D8AF2908359F00B92F61 /* PBXContainerItemProxy */ = {
			isa = PBXContainerItemProxy;
			containerPortal = 0D57D8902908359F00B92F61 /* Project object */;
			proxyType = 1;
			remoteGlobalIDString = 0D57D8972908359F00B92F61;
			remoteInfo = MyFirstRx;
		};
		0D57D8B92908359F00B92F61 /* PBXContainerItemProxy */ = {
			isa = PBXContainerItemProxy;
			containerPortal = 0D57D8902908359F00B92F61 /* Project object */;
			proxyType = 1;
			remoteGlobalIDString = 0D57D8972908359F00B92F61;
			remoteInfo = MyFirstRx;
		};
/* End PBXContainerItemProxy section */

/* Begin PBXFileReference section */
		0D57D8982908359F00B92F61 /* MyFirstRx.app */ = {isa = PBXFileReference; explicitFileType = wrapper.application; includeInIndex = 0; path = MyFirstRx.app; sourceTree = BUILT_PRODUCTS_DIR; };
		0D57D89B2908359F00B92F61 /* AppDelegate.swift */ = {isa = PBXFileReference; lastKnownFileType = sourcecode.swift; path = AppDelegate.swift; sourceTree = "<group>"; };
		0D57D89D2908359F00B92F61 /* SceneDelegate.swift */ = {isa = PBXFileReference; lastKnownFileType = sourcecode.swift; path = SceneDelegate.swift; sourceTree = "<group>"; };
		0D57D89F2908359F00B92F61 /* ViewController.swift */ = {isa = PBXFileReference; lastKnownFileType = sourcecode.swift; path = ViewController.swift; sourceTree = "<group>"; };
		0D57D8A22908359F00B92F61 /* Base */ = {isa = PBXFileReference; lastKnownFileType = file.storyboard; name = Base; path = Base.lproj/Main.storyboard; sourceTree = "<group>"; };
		0D57D8A42908359F00B92F61 /* Assets.xcassets */ = {isa = PBXFileReference; lastKnownFileType = folder.assetcatalog; path = Assets.xcassets; sourceTree = "<group>"; };
		0D57D8A72908359F00B92F61 /* Base */ = {isa = PBXFileReference; lastKnownFileType = file.storyboard; name = Base; path = Base.lproj/LaunchScreen.storyboard; sourceTree = "<group>"; };
		0D57D8A92908359F00B92F61 /* Info.plist */ = {isa = PBXFileReference; lastKnownFileType = text.plist.xml; path = Info.plist; sourceTree = "<group>"; };
		0D57D8AE2908359F00B92F61 /* MyFirstRxTests.xctest */ = {isa = PBXFileReference; explicitFileType = wrapper.cfbundle; includeInIndex = 0; path = MyFirstRxTests.xctest; sourceTree = BUILT_PRODUCTS_DIR; };
		0D57D8B22908359F00B92F61 /* MyFirstRxTests.swift */ = {isa = PBXFileReference; lastKnownFileType = sourcecode.swift; path = MyFirstRxTests.swift; sourceTree = "<group>"; };
		0D57D8B82908359F00B92F61 /* MyFirstRxUITests.xctest */ = {isa = PBXFileReference; explicitFileType = wrapper.cfbundle; includeInIndex = 0; path = MyFirstRxUITests.xctest; sourceTree = BUILT_PRODUCTS_DIR; };
		0D57D8BC2908359F00B92F61 /* MyFirstRxUITests.swift */ = {isa = PBXFileReference; lastKnownFileType = sourcecode.swift; path = MyFirstRxUITests.swift; sourceTree = "<group>"; };
		0D57D8BE2908359F00B92F61 /* MyFirstRxUITestsLaunchTests.swift */ = {isa = PBXFileReference; lastKnownFileType = sourcecode.swift; path = MyFirstRxUITestsLaunchTests.swift; sourceTree = "<group>"; };
/* End PBXFileReference section */

/* Begin PBXFrameworksBuildPhase section */
		0D57D8952908359F00B92F61 /* Frameworks */ = {
			isa = PBXFrameworksBuildPhase;
			buildActionMask = 2147483647;
			files = (
				0D57D8D429083A7B00B92F61 /* RxSwift in Frameworks */,
				0D57D8D229083A7B00B92F61 /* RxCocoa in Frameworks */,
			);
			runOnlyForDeploymentPostprocessing = 0;
		};
		0D57D8AB2908359F00B92F61 /* Frameworks */ = {
			isa = PBXFrameworksBuildPhase;
			buildActionMask = 2147483647;
			files = (
			);
			runOnlyForDeploymentPostprocessing = 0;
		};
		0D57D8B52908359F00B92F61 /* Frameworks */ = {
			isa = PBXFrameworksBuildPhase;
			buildActionMask = 2147483647;
			files = (
			);
			runOnlyForDeploymentPostprocessing = 0;
		};
/* End PBXFrameworksBuildPhase section */

/* Begin PBXGroup section */
		0D57D88F2908359F00B92F61 = {
			isa = PBXGroup;
			children = (
				0D57D89A2908359F00B92F61 /* MyFirstRx */,
				0D57D8B12908359F00B92F61 /* MyFirstRxTests */,
				0D57D8BB2908359F00B92F61 /* MyFirstRxUITests */,
				0D57D8992908359F00B92F61 /* Products */,
			);
			sourceTree = "<group>";
		};
		0D57D8992908359F00B92F61 /* Products */ = {
			isa = PBXGroup;
			children = (
				0D57D8982908359F00B92F61 /* MyFirstRx.app */,
				0D57D8AE2908359F00B92F61 /* MyFirstRxTests.xctest */,
				0D57D8B82908359F00B92F61 /* MyFirstRxUITests.xctest */,
			);
			name = Products;
			sourceTree = "<group>";
		};
		0D57D89A2908359F00B92F61 /* MyFirstRx */ = {
			isa = PBXGroup;
			children = (
				0D57D89B2908359F00B92F61 /* AppDelegate.swift */,
				0D57D89D2908359F00B92F61 /* SceneDelegate.swift */,
				0D57D89F2908359F00B92F61 /* ViewController.swift */,
				0D57D8A12908359F00B92F61 /* Main.storyboard */,
				0D57D8A42908359F00B92F61 /* Assets.xcassets */,
				0D57D8A62908359F00B92F61 /* LaunchScreen.storyboard */,
				0D57D8A92908359F00B92F61 /* Info.plist */,
			);
			path = MyFirstRx;
			sourceTree = "<group>";
		};
		0D57D8B12908359F00B92F61 /* MyFirstRxTests */ = {
			isa = PBXGroup;
			children = (
				0D57D8B22908359F00B92F61 /* MyFirstRxTests.swift */,
			);
			path = MyFirstRxTests;
			sourceTree = "<group>";
		};
		0D57D8BB2908359F00B92F61 /* MyFirstRxUITests */ = {
			isa = PBXGroup;
			children = (
				0D57D8BC2908359F00B92F61 /* MyFirstRxUITests.swift */,
				0D57D8BE2908359F00B92F61 /* MyFirstRxUITestsLaunchTests.swift */,
			);
			path = MyFirstRxUITests;
			sourceTree = "<group>";
		};
/* End PBXGroup section */

/* Begin PBXNativeTarget section */
		0D57D8972908359F00B92F61 /* MyFirstRx */ = {
			isa = PBXNativeTarget;
			buildConfigurationList = 0D57D8C22908359F00B92F61 /* Build configuration list for PBXNativeTarget "MyFirstRx" */;
			buildPhases = (
				0D57D8942908359F00B92F61 /* Sources */,
				0D57D8952908359F00B92F61 /* Frameworks */,
				0D57D8962908359F00B92F61 /* Resources */,
			);
			buildRules = (
			);
			dependencies = (
			);
			name = MyFirstRx;
			packageProductDependencies = (
				0D57D8D129083A7B00B92F61 /* RxCocoa */,
				0D57D8D329083A7B00B92F61 /* RxSwift */,
			);
			productName = MyFirstRx;
			productReference = 0D57D8982908359F00B92F61 /* MyFirstRx.app */;
			productType = "com.apple.product-type.application";
		};
		0D57D8AD2908359F00B92F61 /* MyFirstRxTests */ = {
			isa = PBXNativeTarget;
			buildConfigurationList = 0D57D8C52908359F00B92F61 /* Build configuration list for PBXNativeTarget "MyFirstRxTests" */;
			buildPhases = (
				0D57D8AA2908359F00B92F61 /* Sources */,
				0D57D8AB2908359F00B92F61 /* Frameworks */,
				0D57D8AC2908359F00B92F61 /* Resources */,
			);
			buildRules = (
			);
			dependencies = (
				0D57D8B02908359F00B92F61 /* PBXTargetDependency */,
			);
			name = MyFirstRxTests;
			productName = MyFirstRxTests;
			productReference = 0D57D8AE2908359F00B92F61 /* MyFirstRxTests.xctest */;
			productType = "com.apple.product-type.bundle.unit-test";
		};
		0D57D8B72908359F00B92F61 /* MyFirstRxUITests */ = {
			isa = PBXNativeTarget;
			buildConfigurationList = 0D57D8C82908359F00B92F61 /* Build configuration list for PBXNativeTarget "MyFirstRxUITests" */;
			buildPhases = (
				0D57D8B42908359F00B92F61 /* Sources */,
				0D57D8B52908359F00B92F61 /* Frameworks */,
				0D57D8B62908359F00B92F61 /* Resources */,
			);
			buildRules = (
			);
			dependencies = (
				0D57D8BA2908359F00B92F61 /* PBXTargetDependency */,
			);
			name = MyFirstRxUITests;
			productName = MyFirstRxUITests;
			productReference = 0D57D8B82908359F00B92F61 /* MyFirstRxUITests.xctest */;
			productType = "com.apple.product-type.bundle.ui-testing";
		};
/* End PBXNativeTarget section */

/* Begin PBXProject section */
		0D57D8902908359F00B92F61 /* Project object */ = {
			isa = PBXProject;
			attributes = {
				BuildIndependentTargetsInParallel = 1;
				LastSwiftUpdateCheck = 1400;
				LastUpgradeCheck = 1400;
				TargetAttributes = {
					0D57D8972908359F00B92F61 = {
						CreatedOnToolsVersion = 14.0.1;
					};
					0D57D8AD2908359F00B92F61 = {
						CreatedOnToolsVersion = 14.0.1;
						TestTargetID = 0D57D8972908359F00B92F61;
					};
					0D57D8B72908359F00B92F61 = {
						CreatedOnToolsVersion = 14.0.1;
						TestTargetID = 0D57D8972908359F00B92F61;
					};
				};
			};
			buildConfigurationList = 0D57D8932908359F00B92F61 /* Build configuration list for PBXProject "MyFirstRx" */;
			compatibilityVersion = "Xcode 14.0";
			developmentRegion = en;
			hasScannedForEncodings = 0;
			knownRegions = (
				en,
				Base,
			);
			mainGroup = 0D57D88F2908359F00B92F61;
			packageReferences = (
				0D57D8D029083A7B00B92F61 /* XCRemoteSwiftPackageReference "RxSwift" */,
			);
			productRefGroup = 0D57D8992908359F00B92F61 /* Products */;
			projectDirPath = "";
			projectRoot = "";
			targets = (
				0D57D8972908359F00B92F61 /* MyFirstRx */,
				0D57D8AD2908359F00B92F61 /* MyFirstRxTests */,
				0D57D8B72908359F00B92F61 /* MyFirstRxUITests */,
			);
		};
/* End PBXProject section */

/* Begin PBXResourcesBuildPhase section */
		0D57D8962908359F00B92F61 /* Resources */ = {
			isa = PBXResourcesBuildPhase;
			buildActionMask = 2147483647;
			files = (
				0D57D8A82908359F00B92F61 /* LaunchScreen.storyboard in Resources */,
				0D57D8A52908359F00B92F61 /* Assets.xcassets in Resources */,
				0D57D8A32908359F00B92F61 /* Main.storyboard in Resources */,
			);
			runOnlyForDeploymentPostprocessing = 0;
		};
		0D57D8AC2908359F00B92F61 /* Resources */ = {
			isa = PBXResourcesBuildPhase;
			buildActionMask = 2147483647;
			files = (
			);
			runOnlyForDeploymentPostprocessing = 0;
		};
		0D57D8B62908359F00B92F61 /* Resources */ = {
			isa = PBXResourcesBuildPhase;
			buildActionMask = 2147483647;
			files = (
			);
			runOnlyForDeploymentPostprocessing = 0;
		};
/* End PBXResourcesBuildPhase section */

/* Begin PBXSourcesBuildPhase section */
		0D57D8942908359F00B92F61 /* Sources */ = {
			isa = PBXSourcesBuildPhase;
			buildActionMask = 2147483647;
			files = (
				0D57D8A02908359F00B92F61 /* ViewController.swift in Sources */,
				0D57D89C2908359F00B92F61 /* AppDelegate.swift in Sources */,
				0D57D89E2908359F00B92F61 /* SceneDelegate.swift in Sources */,
			);
			runOnlyForDeploymentPostprocessing = 0;
		};
		0D57D8AA2908359F00B92F61 /* Sources */ = {
			isa = PBXSourcesBuildPhase;
			buildActionMask = 2147483647;
			files = (
				0D57D8B32908359F00B92F61 /* MyFirstRxTests.swift in Sources */,
			);
			runOnlyForDeploymentPostprocessing = 0;
		};
		0D57D8B42908359F00B92F61 /* Sources */ = {
			isa = PBXSourcesBuildPhase;
			buildActionMask = 2147483647;
			files = (
				0D57D8BD2908359F00B92F61 /* MyFirstRxUITests.swift in Sources */,
				0D57D8BF2908359F00B92F61 /* MyFirstRxUITestsLaunchTests.swift in Sources */,
			);
			runOnlyForDeploymentPostprocessing = 0;
		};
/* End PBXSourcesBuildPhase section */

/* Begin PBXTargetDependency section */
		0D57D8B02908359F00B92F61 /* PBXTargetDependency */ = {
			isa = PBXTargetDependency;
			target = 0D57D8972908359F00B92F61 /* MyFirstRx */;
			targetProxy = 0D57D8AF2908359F00B92F61 /* PBXContainerItemProxy */;
		};
		0D57D8BA2908359F00B92F61 /* PBXTargetDependency */ = {
			isa = PBXTargetDependency;
			target = 0D57D8972908359F00B92F61 /* MyFirstRx */;
			targetProxy = 0D57D8B92908359F00B92F61 /* PBXContainerItemProxy */;
		};
/* End PBXTargetDependency section */

/* Begin PBXVariantGroup section */
		0D57D8A12908359F00B92F61 /* Main.storyboard */ = {
			isa = PBXVariantGroup;
			children = (
				0D57D8A22908359F00B92F61 /* Base */,
			);
			name = Main.storyboard;
			sourceTree = "<group>";
		};
		0D57D8A62908359F00B92F61 /* LaunchScreen.storyboard */ = {
			isa = PBXVariantGroup;
			children = (
				0D57D8A72908359F00B92F61 /* Base */,
			);
			name = LaunchScreen.storyboard;
			sourceTree = "<group>";
		};
/* End PBXVariantGroup section */

/* Begin XCBuildConfiguration section */
		0D57D8C02908359F00B92F61 /* Debug */ = {
			isa = XCBuildConfiguration;
			buildSettings = {
				ALWAYS_SEARCH_USER_PATHS = NO;
				CLANG_ANALYZER_NONNULL = YES;
				CLANG_ANALYZER_NUMBER_OBJECT_CONVERSION = YES_AGGRESSIVE;
				CLANG_CXX_LANGUAGE_STANDARD = "gnu++20";
				CLANG_ENABLE_MODULES = YES;
				CLANG_ENABLE_OBJC_ARC = YES;
				CLANG_ENABLE_OBJC_WEAK = YES;
				CLANG_WARN_BLOCK_CAPTURE_AUTORELEASING = YES;
				CLANG_WARN_BOOL_CONVERSION = YES;
				CLANG_WARN_COMMA = YES;
				CLANG_WARN_CONSTANT_CONVERSION = YES;
				CLANG_WARN_DEPRECATED_OBJC_IMPLEMENTATIONS = YES;
				CLANG_WARN_DIRECT_OBJC_ISA_USAGE = YES_ERROR;
				CLANG_WARN_DOCUMENTATION_COMMENTS = YES;
				CLANG_WARN_EMPTY_BODY = YES;
				CLANG_WARN_ENUM_CONVERSION = YES;
				CLANG_WARN_INFINITE_RECURSION = YES;
				CLANG_WARN_INT_CONVERSION = YES;
				CLANG_WARN_NON_LITERAL_NULL_CONVERSION = YES;
				CLANG_WARN_OBJC_IMPLICIT_RETAIN_SELF = YES;
				CLANG_WARN_OBJC_LITERAL_CONVERSION = YES;
				CLANG_WARN_OBJC_ROOT_CLASS = YES_ERROR;
				CLANG_WARN_QUOTED_INCLUDE_IN_FRAMEWORK_HEADER = YES;
				CLANG_WARN_RANGE_LOOP_ANALYSIS = YES;
				CLANG_WARN_STRICT_PROTOTYPES = YES;
				CLANG_WARN_SUSPICIOUS_MOVE = YES;
				CLANG_WARN_UNGUARDED_AVAILABILITY = YES_AGGRESSIVE;
				CLANG_WARN_UNREACHABLE_CODE = YES;
				CLANG_WARN__DUPLICATE_METHOD_MATCH = YES;
				COPY_PHASE_STRIP = NO;
				DEBUG_INFORMATION_FORMAT = dwarf;
				ENABLE_STRICT_OBJC_MSGSEND = YES;
				ENABLE_TESTABILITY = YES;
				GCC_C_LANGUAGE_STANDARD = gnu11;
				GCC_DYNAMIC_NO_PIC = NO;
				GCC_NO_COMMON_BLOCKS = YES;
				GCC_OPTIMIZATION_LEVEL = 0;
				GCC_PREPROCESSOR_DEFINITIONS = (
					"DEBUG=1",
					"$(inherited)",
				);
				GCC_WARN_64_TO_32_BIT_CONVERSION = YES;
				GCC_WARN_ABOUT_RETURN_TYPE = YES_ERROR;
				GCC_WARN_UNDECLARED_SELECTOR = YES;
				GCC_WARN_UNINITIALIZED_AUTOS = YES_AGGRESSIVE;
				GCC_WARN_UNUSED_FUNCTION = YES;
				GCC_WARN_UNUSED_VARIABLE = YES;
				IPHONEOS_DEPLOYMENT_TARGET = 16.0;
				MTL_ENABLE_DEBUG_INFO = INCLUDE_SOURCE;
				MTL_FAST_MATH = YES;
				ONLY_ACTIVE_ARCH = YES;
				SDKROOT = iphoneos;
				SWIFT_ACTIVE_COMPILATION_CONDITIONS = DEBUG;
				SWIFT_OPTIMIZATION_LEVEL = "-Onone";
			};
			name = Debug;
		};
		0D57D8C12908359F00B92F61 /* Release */ = {
			isa = XCBuildConfiguration;
			buildSettings = {
				ALWAYS_SEARCH_USER_PATHS = NO;
				CLANG_ANALYZER_NONNULL = YES;
				CLANG_ANALYZER_NUMBER_OBJECT_CONVERSION = YES_AGGRESSIVE;
				CLANG_CXX_LANGUAGE_STANDARD = "gnu++20";
				CLANG_ENABLE_MODULES = YES;
				CLANG_ENABLE_OBJC_ARC = YES;
				CLANG_ENABLE_OBJC_WEAK = YES;
				CLANG_WARN_BLOCK_CAPTURE_AUTORELEASING = YES;
				CLANG_WARN_BOOL_CONVERSION = YES;
				CLANG_WARN_COMMA = YES;
				CLANG_WARN_CONSTANT_CONVERSION = YES;
				CLANG_WARN_DEPRECATED_OBJC_IMPLEMENTATIONS = YES;
				CLANG_WARN_DIRECT_OBJC_ISA_USAGE = YES_ERROR;
				CLANG_WARN_DOCUMENTATION_COMMENTS = YES;
				CLANG_WARN_EMPTY_BODY = YES;
				CLANG_WARN_ENUM_CONVERSION = YES;
				CLANG_WARN_INFINITE_RECURSION = YES;
				CLANG_WARN_INT_CONVERSION = YES;
				CLANG_WARN_NON_LITERAL_NULL_CONVERSION = YES;
				CLANG_WARN_OBJC_IMPLICIT_RETAIN_SELF = YES;
				CLANG_WARN_OBJC_LITERAL_CONVERSION = YES;
				CLANG_WARN_OBJC_ROOT_CLASS = YES_ERROR;
				CLANG_WARN_QUOTED_INCLUDE_IN_FRAMEWORK_HEADER = YES;
				CLANG_WARN_RANGE_LOOP_ANALYSIS = YES;
				CLANG_WARN_STRICT_PROTOTYPES = YES;
				CLANG_WARN_SUSPICIOUS_MOVE = YES;
				CLANG_WARN_UNGUARDED_AVAILABILITY = YES_AGGRESSIVE;
				CLANG_WARN_UNREACHABLE_CODE = YES;
				CLANG_WARN__DUPLICATE_METHOD_MATCH = YES;
				COPY_PHASE_STRIP = NO;
				DEBUG_INFORMATION_FORMAT = "dwarf-with-dsym";
				ENABLE_NS_ASSERTIONS = NO;
				ENABLE_STRICT_OBJC_MSGSEND = YES;
				GCC_C_LANGUAGE_STANDARD = gnu11;
				GCC_NO_COMMON_BLOCKS = YES;
				GCC_WARN_64_TO_32_BIT_CONVERSION = YES;
				GCC_WARN_ABOUT_RETURN_TYPE = YES_ERROR;
				GCC_WARN_UNDECLARED_SELECTOR = YES;
				GCC_WARN_UNINITIALIZED_AUTOS = YES_AGGRESSIVE;
				GCC_WARN_UNUSED_FUNCTION = YES;
				GCC_WARN_UNUSED_VARIABLE = YES;
				IPHONEOS_DEPLOYMENT_TARGET = 16.0;
				MTL_ENABLE_DEBUG_INFO = NO;
				MTL_FAST_MATH = YES;
				SDKROOT = iphoneos;
				SWIFT_COMPILATION_MODE = wholemodule;
				SWIFT_OPTIMIZATION_LEVEL = "-O";
				VALIDATE_PRODUCT = YES;
			};
			name = Release;
		};
		0D57D8C32908359F00B92F61 /* Debug */ = {
			isa = XCBuildConfiguration;
			buildSettings = {
				ASSETCATALOG_COMPILER_APPICON_NAME = AppIcon;
				ASSETCATALOG_COMPILER_GLOBAL_ACCENT_COLOR_NAME = AccentColor;
				CODE_SIGN_STYLE = Automatic;
				CURRENT_PROJECT_VERSION = 1;
				DEVELOPMENT_TEAM = 4G6ZD4247R;
				GENERATE_INFOPLIST_FILE = YES;
				INFOPLIST_FILE = MyFirstRx/Info.plist;
				INFOPLIST_KEY_UIApplicationSupportsIndirectInputEvents = YES;
				INFOPLIST_KEY_UILaunchStoryboardName = LaunchScreen;
				INFOPLIST_KEY_UIMainStoryboardFile = Main;
				INFOPLIST_KEY_UISupportedInterfaceOrientations_iPad = "UIInterfaceOrientationPortrait UIInterfaceOrientationPortraitUpsideDown UIInterfaceOrientationLandscapeLeft UIInterfaceOrientationLandscapeRight";
				INFOPLIST_KEY_UISupportedInterfaceOrientations_iPhone = "UIInterfaceOrientationPortrait UIInterfaceOrientationLandscapeLeft UIInterfaceOrientationLandscapeRight";
				LD_RUNPATH_SEARCH_PATHS = (
					"$(inherited)",
					"@executable_path/Frameworks",
				);
				MARKETING_VERSION = 1.0;
				PRODUCT_BUNDLE_IDENTIFIER = com.trumanfromkorea.MyFirstRx;
				PRODUCT_NAME = "$(TARGET_NAME)";
				SWIFT_EMIT_LOC_STRINGS = YES;
				SWIFT_VERSION = 5.0;
				TARGETED_DEVICE_FAMILY = "1,2";
			};
			name = Debug;
		};
		0D57D8C42908359F00B92F61 /* Release */ = {
			isa = XCBuildConfiguration;
			buildSettings = {
				ASSETCATALOG_COMPILER_APPICON_NAME = AppIcon;
				ASSETCATALOG_COMPILER_GLOBAL_ACCENT_COLOR_NAME = AccentColor;
				CODE_SIGN_STYLE = Automatic;
				CURRENT_PROJECT_VERSION = 1;
				DEVELOPMENT_TEAM = 4G6ZD4247R;
				GENERATE_INFOPLIST_FILE = YES;
				INFOPLIST_FILE = MyFirstRx/Info.plist;
				INFOPLIST_KEY_UIApplicationSupportsIndirectInputEvents = YES;
				INFOPLIST_KEY_UILaunchStoryboardName = LaunchScreen;
				INFOPLIST_KEY_UIMainStoryboardFile = Main;
				INFOPLIST_KEY_UISupportedInterfaceOrientations_iPad = "UIInterfaceOrientationPortrait UIInterfaceOrientationPortraitUpsideDown UIInterfaceOrientationLandscapeLeft UIInterfaceOrientationLandscapeRight";
				INFOPLIST_KEY_UISupportedInterfaceOrientations_iPhone = "UIInterfaceOrientationPortrait UIInterfaceOrientationLandscapeLeft UIInterfaceOrientationLandscapeRight";
				LD_RUNPATH_SEARCH_PATHS = (
					"$(inherited)",
					"@executable_path/Frameworks",
				);
				MARKETING_VERSION = 1.0;
				PRODUCT_BUNDLE_IDENTIFIER = com.trumanfromkorea.MyFirstRx;
				PRODUCT_NAME = "$(TARGET_NAME)";
				SWIFT_EMIT_LOC_STRINGS = YES;
				SWIFT_VERSION = 5.0;
				TARGETED_DEVICE_FAMILY = "1,2";
			};
			name = Release;
		};
		0D57D8C62908359F00B92F61 /* Debug */ = {
			isa = XCBuildConfiguration;
			buildSettings = {
				ALWAYS_EMBED_SWIFT_STANDARD_LIBRARIES = YES;
				BUNDLE_LOADER = "$(TEST_HOST)";
				CODE_SIGN_STYLE = Automatic;
				CURRENT_PROJECT_VERSION = 1;
				DEVELOPMENT_TEAM = 4G6ZD4247R;
				GENERATE_INFOPLIST_FILE = YES;
				IPHONEOS_DEPLOYMENT_TARGET = 16.0;
				MARKETING_VERSION = 1.0;
				PRODUCT_BUNDLE_IDENTIFIER = com.trumanfromkorea.MyFirstRxTests;
				PRODUCT_NAME = "$(TARGET_NAME)";
				SWIFT_EMIT_LOC_STRINGS = NO;
				SWIFT_VERSION = 5.0;
				TARGETED_DEVICE_FAMILY = "1,2";
				TEST_HOST = "$(BUILT_PRODUCTS_DIR)/MyFirstRx.app/$(BUNDLE_EXECUTABLE_FOLDER_PATH)/MyFirstRx";
			};
			name = Debug;
		};
		0D57D8C72908359F00B92F61 /* Release */ = {
			isa = XCBuildConfiguration;
			buildSettings = {
				ALWAYS_EMBED_SWIFT_STANDARD_LIBRARIES = YES;
				BUNDLE_LOADER = "$(TEST_HOST)";
				CODE_SIGN_STYLE = Automatic;
				CURRENT_PROJECT_VERSION = 1;
				DEVELOPMENT_TEAM = 4G6ZD4247R;
				GENERATE_INFOPLIST_FILE = YES;
				IPHONEOS_DEPLOYMENT_TARGET = 16.0;
				MARKETING_VERSION = 1.0;
				PRODUCT_BUNDLE_IDENTIFIER = com.trumanfromkorea.MyFirstRxTests;
				PRODUCT_NAME = "$(TARGET_NAME)";
				SWIFT_EMIT_LOC_STRINGS = NO;
				SWIFT_VERSION = 5.0;
				TARGETED_DEVICE_FAMILY = "1,2";
				TEST_HOST = "$(BUILT_PRODUCTS_DIR)/MyFirstRx.app/$(BUNDLE_EXECUTABLE_FOLDER_PATH)/MyFirstRx";
			};
			name = Release;
		};
		0D57D8C92908359F00B92F61 /* Debug */ = {
			isa = XCBuildConfiguration;
			buildSettings = {
				ALWAYS_EMBED_SWIFT_STANDARD_LIBRARIES = YES;
				CODE_SIGN_STYLE = Automatic;
				CURRENT_PROJECT_VERSION = 1;
				DEVELOPMENT_TEAM = 4G6ZD4247R;
				GENERATE_INFOPLIST_FILE = YES;
				MARKETING_VERSION = 1.0;
				PRODUCT_BUNDLE_IDENTIFIER = com.trumanfromkorea.MyFirstRxUITests;
				PRODUCT_NAME = "$(TARGET_NAME)";
				SWIFT_EMIT_LOC_STRINGS = NO;
				SWIFT_VERSION = 5.0;
				TARGETED_DEVICE_FAMILY = "1,2";
				TEST_TARGET_NAME = MyFirstRx;
			};
			name = Debug;
		};
		0D57D8CA2908359F00B92F61 /* Release */ = {
			isa = XCBuildConfiguration;
			buildSettings = {
				ALWAYS_EMBED_SWIFT_STANDARD_LIBRARIES = YES;
				CODE_SIGN_STYLE = Automatic;
				CURRENT_PROJECT_VERSION = 1;
				DEVELOPMENT_TEAM = 4G6ZD4247R;
				GENERATE_INFOPLIST_FILE = YES;
				MARKETING_VERSION = 1.0;
				PRODUCT_BUNDLE_IDENTIFIER = com.trumanfromkorea.MyFirstRxUITests;
				PRODUCT_NAME = "$(TARGET_NAME)";
				SWIFT_EMIT_LOC_STRINGS = NO;
				SWIFT_VERSION = 5.0;
				TARGETED_DEVICE_FAMILY = "1,2";
				TEST_TARGET_NAME = MyFirstRx;
			};
			name = Release;
		};
/* End XCBuildConfiguration section */

/* Begin XCConfigurationList section */
		0D57D8932908359F00B92F61 /* Build configuration list for PBXProject "MyFirstRx" */ = {
			isa = XCConfigurationList;
			buildConfigurations = (
				0D57D8C02908359F00B92F61 /* Debug */,
				0D57D8C12908359F00B92F61 /* Release */,
			);
			defaultConfigurationIsVisible = 0;
			defaultConfigurationName = Release;
		};
		0D57D8C22908359F00B92F61 /* Build configuration list for PBXNativeTarget "MyFirstRx" */ = {
			isa = XCConfigurationList;
			buildConfigurations = (
				0D57D8C32908359F00B92F61 /* Debug */,
				0D57D8C42908359F00B92F61 /* Release */,
			);
			defaultConfigurationIsVisible = 0;
			defaultConfigurationName = Release;
		};
		0D57D8C52908359F00B92F61 /* Build configuration list for PBXNativeTarget "MyFirstRxTests" */ = {
			isa = XCConfigurationList;
			buildConfigurations = (
				0D57D8C62908359F00B92F61 /* Debug */,
				0D57D8C72908359F00B92F61 /* Release */,
			);
			defaultConfigurationIsVisible = 0;
			defaultConfigurationName = Release;
		};
		0D57D8C82908359F00B92F61 /* Build configuration list for PBXNativeTarget "MyFirstRxUITests" */ = {
			isa = XCConfigurationList;
			buildConfigurations = (
				0D57D8C92908359F00B92F61 /* Debug */,
				0D57D8CA2908359F00B92F61 /* Release */,
			);
			defaultConfigurationIsVisible = 0;
			defaultConfigurationName = Release;
		};
/* End XCConfigurationList section */

/* Begin XCRemoteSwiftPackageReference section */
		0D57D8D029083A7B00B92F61 /* XCRemoteSwiftPackageReference "RxSwift" */ = {
			isa = XCRemoteSwiftPackageReference;
			repositoryURL = "https://github.com/ReactiveX/RxSwift";
			requirement = {
				branch = main;
				kind = branch;
			};
		};
/* End XCRemoteSwiftPackageReference section */

/* Begin XCSwiftPackageProductDependency section */
		0D57D8D129083A7B00B92F61 /* RxCocoa */ = {
			isa = XCSwiftPackageProductDependency;
			package = 0D57D8D029083A7B00B92F61 /* XCRemoteSwiftPackageReference "RxSwift" */;
			productName = RxCocoa;
		};
		0D57D8D329083A7B00B92F61 /* RxSwift */ = {
			isa = XCSwiftPackageProductDependency;
			package = 0D57D8D029083A7B00B92F61 /* XCRemoteSwiftPackageReference "RxSwift" */;
			productName = RxSwift;
		};
/* End XCSwiftPackageProductDependency section */
	};
	rootObject = 0D57D8902908359F00B92F61 /* Project object */;
}
